
Microsoft Visual Studio Solution File, Format Version 12.00
# Visual Studio Version 16
VisualStudioVersion = 16.0.30413.136
MinimumVisualStudioVersion = 10.0.40219.1
Project("{FAE04EC0-301F-11D3-BF4B-00C04F79EFBC}") = "001_HelloWorld", "001_HelloWorld\001_HelloWorld.csproj", "{3BB46F94-021F-4952-B9CD-A78BB93B5B6C}"
EndProject
Project("{FAE04EC0-301F-11D3-BF4B-00C04F79EFBC}") = "002_HelloWorld", "002_HelloWorld\002_HelloWorld.csproj", "{56DC206C-CF7A-48BD-8276-EFA6603E7136}"
EndProject
Project("{FAE04EC0-301F-11D3-BF4B-00C04F79EFBC}") = "003_HelloWorld", "003_HelloWorld\003_HelloWorld.csproj", "{A7614763-109C-4863-88A0-6998AA3A7B87}"
EndProject
Project("{FAE04EC0-301F-11D3-BF4B-00C04F79EFBC}") = "004_Check", "004_Check\004_Check.csproj", "{12B92E6C-FB24-4ACD-8450-40A5152C2642}"
EndProject
Project("{2150E333-8FDC-42A3-9474-1A3956D46DE8}") = "study", "study", "{1A0A400D-72DF-4755-8D3C-57F1DE1628BD}"
EndProject
Project("{2150E333-8FDC-42A3-9474-1A3956D46DE8}") = "Check", "Check", "{A329740E-CB52-4E14-8302-5671BBE3BDFC}"
EndProject
Project("{FAE04EC0-301F-11D3-BF4B-00C04F79EFBC}") = "005_Check", "005_Check\005_Check.csproj", "{8DABCDC8-C506-451B-894D-D8814F8A9313}"
EndProject
Project("{FAE04EC0-301F-11D3-BF4B-00C04F79EFBC}") = "006_Variable", "006_Variable\006_Variable.csproj", "{E453DEF4-92F9-4124-A163-AFC701ECC1FC}"
EndProject
Project("{FAE04EC0-301F-11D3-BF4B-00C04F79EFBC}") = "007_Variable", "007_Variable\007_Variable.csproj", "{DA03E06D-9F73-4123-ABE2-883CA1EB845C}"
EndProject
Project("{FAE04EC0-301F-11D3-BF4B-00C04F79EFBC}") = "008_Data1", "008_Data1\008_Data1.csproj", "{6543528D-99B6-4DE9-B2AE-C1740D4496EC}"
EndProject
Project("{FAE04EC0-301F-11D3-BF4B-00C04F79EFBC}") = "009_Data2(정수형 Min,MaxValue)", "009_Data1\009_Data2(정수형 Min,MaxValue).csproj", "{4229E536-3E00-47B2-ADA9-1A7145234CA5}"
EndProject
Project("{FAE04EC0-301F-11D3-BF4B-00C04F79EFBC}") = "010_Data3(강제형변환)", "010_Data3\010_Data3(강제형변환).csproj", "{2433D2F6-BDCA-4D29-BB25-383D8F09945B}"
EndProject
Project("{FAE04EC0-301F-11D3-BF4B-00C04F79EFBC}") = "011_Data4(2진수 16진수)", "011_Data4\011_Data4(2진수 16진수).csproj", "{972B3042-9761-4E76-8C4D-595816D10948}"
EndProject
Project("{FAE04EC0-301F-11D3-BF4B-00C04F79EFBC}") = "012_Data5(실수형 Min,MaxValue)", "012_Data5\012_Data5(실수형 Min,MaxValue).csproj", "{563408F2-5C6D-43CA-8007-5125B845B5B8}"
EndProject
Project("{FAE04EC0-301F-11D3-BF4B-00C04F79EFBC}") = "014_Data7(char,string)", "014_Data7\014_Data7(char,string).csproj", "{7E0B50CE-195E-40B0-B508-D7C30A446BAC}"
EndProject
Project("{FAE04EC0-301F-11D3-BF4B-00C04F79EFBC}") = "015_Data8(아스키코드)", "015_Data8\015_Data8(아스키코드).csproj", "{B6A26AD5-EE35-4B91-B76F-4F6087561241}"
EndProject
Project("{FAE04EC0-301F-11D3-BF4B-00C04F79EFBC}") = "016_String", "016_String\016_String.csproj", "{00B6E567-33AA-438F-992A-C47F23145C2A}"
EndProject
Project("{FAE04EC0-301F-11D3-BF4B-00C04F79EFBC}") = "017_Data_bool", "017_Data_bool\017_Data_bool.csproj", "{38F45AE2-BB07-4A2C-A846-29A5C265907B}"
EndProject
Project("{FAE04EC0-301F-11D3-BF4B-00C04F79EFBC}") = "018_Data_Object", "018_Data_Object\018_Data_Object.csproj", "{8301A994-C854-435D-A7F9-79C6E2D18A55}"
EndProject
Project("{FAE04EC0-301F-11D3-BF4B-00C04F79EFBC}") = "019_Data_enum", "019_Data_enum\019_Data_enum.csproj", "{A3DB464D-2C11-455A-AFB2-FFBA4446EF99}"
EndProject
Project("{FAE04EC0-301F-11D3-BF4B-00C04F79EFBC}") = "020_Data_enum2", "020_Data_enum2\020_Data_enum2.csproj", "{540A4349-9BC5-4F67-85C9-D9BC67D0C37B}"
EndProject
Project("{FAE04EC0-301F-11D3-BF4B-00C04F79EFBC}") = "021_Data_nullable", "021_Data_nullable\021_Data_nullable.csproj", "{EA3E7838-30DC-4E2D-8ECB-A17DB0DBF689}"
EndProject
Project("{FAE04EC0-301F-11D3-BF4B-00C04F79EFBC}") = "022_Data_var", "022_Data_var\022_Data_var.csproj", "{9F874F81-A33B-4505-BA20-AB5C58B48786}"
EndProject
Project("{FAE04EC0-301F-11D3-BF4B-00C04F79EFBC}") = "023_Data_const", "023_Data_const\023_Data_const.csproj", "{5A4A1BA3-F6A9-484D-BE20-417EB6FA2AD2}"
EndProject
Project("{FAE04EC0-301F-11D3-BF4B-00C04F79EFBC}") = "024_Data_cast", "024_Data_cast\024_Data_cast.csproj", "{EA3A93E1-E975-468C-9453-47838A9B3E19}"
EndProject
Project("{FAE04EC0-301F-11D3-BF4B-00C04F79EFBC}") = "025_Data_ToString", "025_Data_ToString\025_Data_ToString.csproj", "{495B4424-15C2-4F1D-8E24-5A424268E3FD}"
EndProject
Project("{FAE04EC0-301F-11D3-BF4B-00C04F79EFBC}") = "026_Data_Parse", "026_Data_Parse\026_Data_Parse.csproj", "{23324E52-1E6A-4B51-907B-1430761C79DB}"
EndProject
Project("{FAE04EC0-301F-11D3-BF4B-00C04F79EFBC}") = "027_Data_Convert", "027_Data_Convert\027_Data_Convert.csproj", "{6AC45701-0739-42C1-84E3-1CB260AD3322}"
EndProject
Project("{FAE04EC0-301F-11D3-BF4B-00C04F79EFBC}") = "028_Data_Reference", "028_Data_reference\028_Data_Reference.csproj", "{30B1BDD7-9AB7-4CCF-801B-E3851F385E40}"
EndProject
Project("{FAE04EC0-301F-11D3-BF4B-00C04F79EFBC}") = "029_Data_boxing", "029_Data_boxing\029_Data_boxing.csproj", "{83120F57-6A59-4CD2-89CD-C4D53C056F84}"
EndProject
Project("{FAE04EC0-301F-11D3-BF4B-00C04F79EFBC}") = "030_ReadLine", "030_ReadLine\030_ReadLine.csproj", "{E4F7FE12-DE38-4679-B366-05243DDE6B1C}"
EndProject
Project("{FAE04EC0-301F-11D3-BF4B-00C04F79EFBC}") = "031_ReadLine2", "031_ReadLine2\031_ReadLine2.csproj", "{771B05CF-767E-4037-956D-26EC3770FE7D}"
EndProject
Project("{FAE04EC0-301F-11D3-BF4B-00C04F79EFBC}") = "032_Check", "032_Check\032_Check.csproj", "{93CFCA7E-3AF4-42F8-92E0-4FEE5AD38E34}"
EndProject
Project("{FAE04EC0-301F-11D3-BF4B-00C04F79EFBC}") = "033_Check", "033_Check\033_Check.csproj", "{F09F3054-6092-4C7E-BAFF-9599A8B6FCAB}"
EndProject
Project("{FAE04EC0-301F-11D3-BF4B-00C04F79EFBC}") = "013_Data6(실수형데이터)", "013_Data6(실수형데이터)\013_Data6(실수형데이터).csproj", "{4D61B111-5F3A-4E11-9028-368E1943D0D5}"
EndProject
Project("{FAE04EC0-301F-11D3-BF4B-00C04F79EFBC}") = "037_Operator4", "037_Operator4\037_Operator4.csproj", "{99D09F9D-8D08-46B2-A61F-6B29F1F417F4}"
EndProject
Project("{FAE04EC0-301F-11D3-BF4B-00C04F79EFBC}") = "036_Operator3", "036_Operator3\036_Operator3.csproj", "{B9100E30-C386-445D-81D7-3EF5588E608C}"
EndProject
Project("{FAE04EC0-301F-11D3-BF4B-00C04F79EFBC}") = "036_01_Operator3", "036_01_Operator3\036_01_Operator3.csproj", "{22063E91-C4BA-46F4-8C37-9E630C8836A2}"
EndProject
Project("{FAE04EC0-301F-11D3-BF4B-00C04F79EFBC}") = "035_Operator2", "035_Operator2\035_Operator2.csproj", "{DAE1A577-1F71-4713-BB7C-A8CE66C3E099}"
EndProject
Project("{FAE04EC0-301F-11D3-BF4B-00C04F79EFBC}") = "034_Operator1", "034_Operator1\034_Operator1.csproj", "{748FC0AB-A7A7-4689-B20B-574D4804CCBD}"
EndProject
Project("{FAE04EC0-301F-11D3-BF4B-00C04F79EFBC}") = "038_Operator5", "038_Operator5\038_Operator5.csproj", "{AAFBB24C-342F-40F8-BE99-9E2FFE40FABA}"
EndProject
Project("{FAE04EC0-301F-11D3-BF4B-00C04F79EFBC}") = "039_Operator6", "039_Operator6\039_Operator6.csproj", "{5AC5AFBC-5830-459F-BE5A-9A95936708BB}"
EndProject
Project("{FAE04EC0-301F-11D3-BF4B-00C04F79EFBC}") = "040_Operator_Bit", "ConsoleApp1\040_Operator_Bit.csproj", "{F0DD2D47-0A7C-4DDE-AA45-14C981A2919A}"
EndProject
Project("{FAE04EC0-301F-11D3-BF4B-00C04F79EFBC}") = "041_Operator_null", "041_Operator_null\041_Operator_null.csproj", "{679BC48F-6FCB-4E7C-B2FB-753721C69C1F}"
EndProject
Project("{FAE04EC0-301F-11D3-BF4B-00C04F79EFBC}") = "042_Operator_Branch", "042_Operator_Branch\042_Operator_Branch.csproj", "{1F4DC247-04FD-4EF0-ACE3-FFF3773C1E81}"
EndProject
Project("{FAE04EC0-301F-11D3-BF4B-00C04F79EFBC}") = "043_Operator_Branch2", "043_Operator_Branch2\043_Operator_Branch2.csproj", "{7C8EE07D-3EAC-4914-8F3D-7410FE7E3E08}"
EndProject
Project("{FAE04EC0-301F-11D3-BF4B-00C04F79EFBC}") = "044_Operator_Branch3", "044_Operator_Branch3\044_Operator_Branch3.csproj", "{86AB095F-DE0A-407F-9C92-D7965FDAEC1B}"
EndProject
Project("{FAE04EC0-301F-11D3-BF4B-00C04F79EFBC}") = "045_Operator_switch", "045_Operator_switch\045_Operator_switch.csproj", "{7047D1D5-760E-4CD8-9783-E1C4F04DD90C}"
EndProject
Project("{FAE04EC0-301F-11D3-BF4B-00C04F79EFBC}") = "046_Operator_switch", "046_Operator_switch\046_Operator_switch.csproj", "{9F0FCC4A-86B2-4FDA-8B8A-837B941F10D6}"
EndProject
Project("{FAE04EC0-301F-11D3-BF4B-00C04F79EFBC}") = "047_Operator_while", "47_Operator_while\047_Operator_while.csproj", "{DD680D58-CD54-4D4F-A82C-8089589A07C9}"
EndProject
Project("{FAE04EC0-301F-11D3-BF4B-00C04F79EFBC}") = "048_Operator_do_while", "048_Operator_do_while\048_Operator_do_while.csproj", "{D60CC4BD-7C6B-4704-9364-B60934686742}"
EndProject
Project("{FAE04EC0-301F-11D3-BF4B-00C04F79EFBC}") = "049_Operator_for", "049_Operator_for\049_Operator_for.csproj", "{06E5E773-52AD-4030-B0E3-861E1ABC2347}"
EndProject
Project("{FAE04EC0-301F-11D3-BF4B-00C04F79EFBC}") = "050_Operator_for_for", "050_Operator_for_for\050_Operator_for_for.csproj", "{35F965C6-D12D-40A5-B0C8-B1A0D7B77B38}"
EndProject
Project("{FAE04EC0-301F-11D3-BF4B-00C04F79EFBC}") = "051_Operator_while(true)", "051_Operator_while(true)\051_Operator_while(true).csproj", "{4683B8D9-0488-4D2C-8542-D90876A981ED}"
EndProject
Project("{FAE04EC0-301F-11D3-BF4B-00C04F79EFBC}") = "052_Operator_break", "052_Operator_break\052_Operator_break.csproj", "{4815B647-97AE-4453-9E3A-7BC6379843CA}"
EndProject
Project("{FAE04EC0-301F-11D3-BF4B-00C04F79EFBC}") = "053_Operator_continue", "053_Operator_continue\053_Operator_continue.csproj", "{CFAB2DDE-CAE1-4AA2-909D-594EE79E945D}"
EndProject
Project("{FAE04EC0-301F-11D3-BF4B-00C04F79EFBC}") = "054_Operator_goto", "054_Operator_goto\054_Operator_goto.csproj", "{BA2C28A5-DB20-4062-92D6-19C73C639520}"
EndProject
Project("{FAE04EC0-301F-11D3-BF4B-00C04F79EFBC}") = "055_Check", "055_Check\055_Check.csproj", "{3AFED0A5-F78C-4C25-ACCA-375DA6E23275}"
EndProject
Project("{FAE04EC0-301F-11D3-BF4B-00C04F79EFBC}") = "056_Check", "056_Check\056_Check.csproj", "{671A47DB-C487-48D2-A3CD-2D9CFDACCAEF}"
EndProject
Project("{FAE04EC0-301F-11D3-BF4B-00C04F79EFBC}") = "057_Check", "057_Check\057_Check.csproj", "{FB254E80-1D39-4A8B-9E89-9C765443EC91}"
EndProject
Project("{2150E333-8FDC-42A3-9474-1A3956D46DE8}") = "CheckPoint", "CheckPoint", "{34D8CC0E-D01D-49BB-9C2D-B5EE24FD5D7E}"
EndProject
Project("{FAE04EC0-301F-11D3-BF4B-00C04F79EFBC}") = "CheckPoint01", "CheckPoint01\CheckPoint01.csproj", "{2A017867-D432-4851-A1EF-A5A1D1553280}"
EndProject
Project("{FAE04EC0-301F-11D3-BF4B-00C04F79EFBC}") = "058_Func1", "058_Func1\058_Func1.csproj", "{FCA26554-0867-49BD-B49A-BDB4E160F56D}"
EndProject
Project("{FAE04EC0-301F-11D3-BF4B-00C04F79EFBC}") = "059_Func2", "059_Func2\059_Func2.csproj", "{F892625A-7993-4C15-9A51-8D3DECBE51FC}"
EndProject
Project("{FAE04EC0-301F-11D3-BF4B-00C04F79EFBC}") = "060_Func3", "060_Func3\060_Func3.csproj", "{77BBF923-266B-43E0-8CCF-ED0D716AA2DC}"
EndProject
Project("{FAE04EC0-301F-11D3-BF4B-00C04F79EFBC}") = "061_Func4", "061_Func4\061_Func4.csproj", "{94612B1E-EB77-47B1-9E19-F07B79E779BA}"
EndProject
Project("{FAE04EC0-301F-11D3-BF4B-00C04F79EFBC}") = "062_FuncSwap", "062_FuncSwap\062_FuncSwap.csproj", "{E7882591-20C2-4C3C-8CBC-29BED3C796A9}"
EndProject
Project("{FAE04EC0-301F-11D3-BF4B-00C04F79EFBC}") = "063_Func_out", "063_Func_out\063_Func_out.csproj", "{D789A870-B7B4-4DAD-B9E5-051B9E852E71}"
EndProject
Project("{FAE04EC0-301F-11D3-BF4B-00C04F79EFBC}") = "064_Func_default", "064_Func_default\064_Func_default.csproj", "{2A2B280C-8351-4170-AAF9-2C12BCA4FE3D}"
EndProject
Project("{FAE04EC0-301F-11D3-BF4B-00C04F79EFBC}") = "065_Func_Overloading", "065_Func_Overloading\065_Func_Overloading.csproj", "{BDA7B1A2-4BCF-4910-87D2-7C33B34DB631}"
EndProject
Project("{FAE04EC0-301F-11D3-BF4B-00C04F79EFBC}") = "066_Func_params", "066_Func_params\066_Func_params.csproj", "{5771D201-2CB3-4F61-8858-68B863448756}"
EndProject
Project("{FAE04EC0-301F-11D3-BF4B-00C04F79EFBC}") = "067_Check", "067_Check\067_Check.csproj", "{627B74BC-43A0-4541-B388-1DC16FB99D4C}"
EndProject
Project("{FAE04EC0-301F-11D3-BF4B-00C04F79EFBC}") = "CheckPoint02", "CheckPoint02\CheckPoint02.csproj", "{5FD2AA9B-77F9-499B-980F-C9AF3D01D562}"
EndProject
Project("{FAE04EC0-301F-11D3-BF4B-00C04F79EFBC}") = "068_Array_Init", "068_Array_Init\068_Array_Init.csproj", "{20BB38B3-2D91-43C8-A6CF-3C323D16E542}"
EndProject
Project("{FAE04EC0-301F-11D3-BF4B-00C04F79EFBC}") = "068_1_Array_Init2", "068_1_Array_Init2\068_1_Array_Init2.csproj", "{BD527CB2-6ACD-4AED-BD12-6BFBFA0AB54D}"
EndProject
Project("{FAE04EC0-301F-11D3-BF4B-00C04F79EFBC}") = "069_Array_Multi", "069_Array_Multi\069_Array_Multi.csproj", "{248964C1-C4A4-42F5-98B3-00B644218BF9}"
EndProject
Project("{FAE04EC0-301F-11D3-BF4B-00C04F79EFBC}") = "070_Array_Multi2", "070_Array_Multi2\070_Array_Multi2.csproj", "{2EDEC446-682F-45CB-86C7-BFE03C841F3C}"
EndProject
Project("{FAE04EC0-301F-11D3-BF4B-00C04F79EFBC}") = "071_Array_Flex", "071_Array_Flex\071_Array_Flex.csproj", "{9D5C1923-F8DE-406F-ABC8-F39E0339F77D}"
EndProject
Project("{FAE04EC0-301F-11D3-BF4B-00C04F79EFBC}") = "072_Array_Func1", "072_Array_Func1\072_Array_Func1.csproj", "{9BC0801D-4D9A-4FF1-9217-CA309069B7DA}"
EndProject
Project("{FAE04EC0-301F-11D3-BF4B-00C04F79EFBC}") = "073_Array_Func2", "073_Array_Func2\073_Array_Func2.csproj", "{0F6F5559-5FFE-4B9C-888B-7540731D1A0E}"
EndProject
Project("{FAE04EC0-301F-11D3-BF4B-00C04F79EFBC}") = "074_Array_Clear", "074_Array_Clear\074_Array_Clear.csproj", "{2A31B172-09ED-4190-90E4-E2B230EC40F8}"
EndProject
Project("{FAE04EC0-301F-11D3-BF4B-00C04F79EFBC}") = "075_Check__!", "075_Check\075_Check__!.csproj", "{BF492961-FCF3-496C-9F5B-DC326501975F}"
EndProject
Project("{FAE04EC0-301F-11D3-BF4B-00C04F79EFBC}") = "076_Check__!", "076_Check\076_Check__!.csproj", "{982BB7CC-F3D7-4DD5-A865-FD07B0B5F400}"
EndProject
Global
	GlobalSection(SolutionConfigurationPlatforms) = preSolution
		Debug|Any CPU = Debug|Any CPU
		Release|Any CPU = Release|Any CPU
	EndGlobalSection
	GlobalSection(ProjectConfigurationPlatforms) = postSolution
		{3BB46F94-021F-4952-B9CD-A78BB93B5B6C}.Debug|Any CPU.ActiveCfg = Debug|Any CPU
		{3BB46F94-021F-4952-B9CD-A78BB93B5B6C}.Debug|Any CPU.Build.0 = Debug|Any CPU
		{3BB46F94-021F-4952-B9CD-A78BB93B5B6C}.Release|Any CPU.ActiveCfg = Release|Any CPU
		{3BB46F94-021F-4952-B9CD-A78BB93B5B6C}.Release|Any CPU.Build.0 = Release|Any CPU
		{56DC206C-CF7A-48BD-8276-EFA6603E7136}.Debug|Any CPU.ActiveCfg = Debug|Any CPU
		{56DC206C-CF7A-48BD-8276-EFA6603E7136}.Debug|Any CPU.Build.0 = Debug|Any CPU
		{56DC206C-CF7A-48BD-8276-EFA6603E7136}.Release|Any CPU.ActiveCfg = Release|Any CPU
		{56DC206C-CF7A-48BD-8276-EFA6603E7136}.Release|Any CPU.Build.0 = Release|Any CPU
		{A7614763-109C-4863-88A0-6998AA3A7B87}.Debug|Any CPU.ActiveCfg = Debug|Any CPU
		{A7614763-109C-4863-88A0-6998AA3A7B87}.Debug|Any CPU.Build.0 = Debug|Any CPU
		{A7614763-109C-4863-88A0-6998AA3A7B87}.Release|Any CPU.ActiveCfg = Release|Any CPU
		{A7614763-109C-4863-88A0-6998AA3A7B87}.Release|Any CPU.Build.0 = Release|Any CPU
		{12B92E6C-FB24-4ACD-8450-40A5152C2642}.Debug|Any CPU.ActiveCfg = Debug|Any CPU
		{12B92E6C-FB24-4ACD-8450-40A5152C2642}.Debug|Any CPU.Build.0 = Debug|Any CPU
		{12B92E6C-FB24-4ACD-8450-40A5152C2642}.Release|Any CPU.ActiveCfg = Release|Any CPU
		{12B92E6C-FB24-4ACD-8450-40A5152C2642}.Release|Any CPU.Build.0 = Release|Any CPU
		{8DABCDC8-C506-451B-894D-D8814F8A9313}.Debug|Any CPU.ActiveCfg = Debug|Any CPU
		{8DABCDC8-C506-451B-894D-D8814F8A9313}.Debug|Any CPU.Build.0 = Debug|Any CPU
		{8DABCDC8-C506-451B-894D-D8814F8A9313}.Release|Any CPU.ActiveCfg = Release|Any CPU
		{8DABCDC8-C506-451B-894D-D8814F8A9313}.Release|Any CPU.Build.0 = Release|Any CPU
		{E453DEF4-92F9-4124-A163-AFC701ECC1FC}.Debug|Any CPU.ActiveCfg = Debug|Any CPU
		{E453DEF4-92F9-4124-A163-AFC701ECC1FC}.Debug|Any CPU.Build.0 = Debug|Any CPU
		{E453DEF4-92F9-4124-A163-AFC701ECC1FC}.Release|Any CPU.ActiveCfg = Release|Any CPU
		{E453DEF4-92F9-4124-A163-AFC701ECC1FC}.Release|Any CPU.Build.0 = Release|Any CPU
		{DA03E06D-9F73-4123-ABE2-883CA1EB845C}.Debug|Any CPU.ActiveCfg = Debug|Any CPU
		{DA03E06D-9F73-4123-ABE2-883CA1EB845C}.Debug|Any CPU.Build.0 = Debug|Any CPU
		{DA03E06D-9F73-4123-ABE2-883CA1EB845C}.Release|Any CPU.ActiveCfg = Release|Any CPU
		{DA03E06D-9F73-4123-ABE2-883CA1EB845C}.Release|Any CPU.Build.0 = Release|Any CPU
		{6543528D-99B6-4DE9-B2AE-C1740D4496EC}.Debug|Any CPU.ActiveCfg = Debug|Any CPU
		{6543528D-99B6-4DE9-B2AE-C1740D4496EC}.Debug|Any CPU.Build.0 = Debug|Any CPU
		{6543528D-99B6-4DE9-B2AE-C1740D4496EC}.Release|Any CPU.ActiveCfg = Release|Any CPU
		{6543528D-99B6-4DE9-B2AE-C1740D4496EC}.Release|Any CPU.Build.0 = Release|Any CPU
		{4229E536-3E00-47B2-ADA9-1A7145234CA5}.Debug|Any CPU.ActiveCfg = Debug|Any CPU
		{4229E536-3E00-47B2-ADA9-1A7145234CA5}.Debug|Any CPU.Build.0 = Debug|Any CPU
		{4229E536-3E00-47B2-ADA9-1A7145234CA5}.Release|Any CPU.ActiveCfg = Release|Any CPU
		{4229E536-3E00-47B2-ADA9-1A7145234CA5}.Release|Any CPU.Build.0 = Release|Any CPU
		{2433D2F6-BDCA-4D29-BB25-383D8F09945B}.Debug|Any CPU.ActiveCfg = Debug|Any CPU
		{2433D2F6-BDCA-4D29-BB25-383D8F09945B}.Debug|Any CPU.Build.0 = Debug|Any CPU
		{2433D2F6-BDCA-4D29-BB25-383D8F09945B}.Release|Any CPU.ActiveCfg = Release|Any CPU
		{2433D2F6-BDCA-4D29-BB25-383D8F09945B}.Release|Any CPU.Build.0 = Release|Any CPU
		{972B3042-9761-4E76-8C4D-595816D10948}.Debug|Any CPU.ActiveCfg = Debug|Any CPU
		{972B3042-9761-4E76-8C4D-595816D10948}.Debug|Any CPU.Build.0 = Debug|Any CPU
		{972B3042-9761-4E76-8C4D-595816D10948}.Release|Any CPU.ActiveCfg = Release|Any CPU
		{972B3042-9761-4E76-8C4D-595816D10948}.Release|Any CPU.Build.0 = Release|Any CPU
		{563408F2-5C6D-43CA-8007-5125B845B5B8}.Debug|Any CPU.ActiveCfg = Debug|Any CPU
		{563408F2-5C6D-43CA-8007-5125B845B5B8}.Debug|Any CPU.Build.0 = Debug|Any CPU
		{563408F2-5C6D-43CA-8007-5125B845B5B8}.Release|Any CPU.ActiveCfg = Release|Any CPU
		{563408F2-5C6D-43CA-8007-5125B845B5B8}.Release|Any CPU.Build.0 = Release|Any CPU
		{7E0B50CE-195E-40B0-B508-D7C30A446BAC}.Debug|Any CPU.ActiveCfg = Debug|Any CPU
		{7E0B50CE-195E-40B0-B508-D7C30A446BAC}.Debug|Any CPU.Build.0 = Debug|Any CPU
		{7E0B50CE-195E-40B0-B508-D7C30A446BAC}.Release|Any CPU.ActiveCfg = Release|Any CPU
		{7E0B50CE-195E-40B0-B508-D7C30A446BAC}.Release|Any CPU.Build.0 = Release|Any CPU
		{B6A26AD5-EE35-4B91-B76F-4F6087561241}.Debug|Any CPU.ActiveCfg = Debug|Any CPU
		{B6A26AD5-EE35-4B91-B76F-4F6087561241}.Debug|Any CPU.Build.0 = Debug|Any CPU
		{B6A26AD5-EE35-4B91-B76F-4F6087561241}.Release|Any CPU.ActiveCfg = Release|Any CPU
		{B6A26AD5-EE35-4B91-B76F-4F6087561241}.Release|Any CPU.Build.0 = Release|Any CPU
		{00B6E567-33AA-438F-992A-C47F23145C2A}.Debug|Any CPU.ActiveCfg = Debug|Any CPU
		{00B6E567-33AA-438F-992A-C47F23145C2A}.Debug|Any CPU.Build.0 = Debug|Any CPU
		{00B6E567-33AA-438F-992A-C47F23145C2A}.Release|Any CPU.ActiveCfg = Release|Any CPU
		{00B6E567-33AA-438F-992A-C47F23145C2A}.Release|Any CPU.Build.0 = Release|Any CPU
		{38F45AE2-BB07-4A2C-A846-29A5C265907B}.Debug|Any CPU.ActiveCfg = Debug|Any CPU
		{38F45AE2-BB07-4A2C-A846-29A5C265907B}.Debug|Any CPU.Build.0 = Debug|Any CPU
		{38F45AE2-BB07-4A2C-A846-29A5C265907B}.Release|Any CPU.ActiveCfg = Release|Any CPU
		{38F45AE2-BB07-4A2C-A846-29A5C265907B}.Release|Any CPU.Build.0 = Release|Any CPU
		{8301A994-C854-435D-A7F9-79C6E2D18A55}.Debug|Any CPU.ActiveCfg = Debug|Any CPU
		{8301A994-C854-435D-A7F9-79C6E2D18A55}.Debug|Any CPU.Build.0 = Debug|Any CPU
		{8301A994-C854-435D-A7F9-79C6E2D18A55}.Release|Any CPU.ActiveCfg = Release|Any CPU
		{8301A994-C854-435D-A7F9-79C6E2D18A55}.Release|Any CPU.Build.0 = Release|Any CPU
		{A3DB464D-2C11-455A-AFB2-FFBA4446EF99}.Debug|Any CPU.ActiveCfg = Debug|Any CPU
		{A3DB464D-2C11-455A-AFB2-FFBA4446EF99}.Debug|Any CPU.Build.0 = Debug|Any CPU
		{A3DB464D-2C11-455A-AFB2-FFBA4446EF99}.Release|Any CPU.ActiveCfg = Release|Any CPU
		{A3DB464D-2C11-455A-AFB2-FFBA4446EF99}.Release|Any CPU.Build.0 = Release|Any CPU
		{540A4349-9BC5-4F67-85C9-D9BC67D0C37B}.Debug|Any CPU.ActiveCfg = Debug|Any CPU
		{540A4349-9BC5-4F67-85C9-D9BC67D0C37B}.Debug|Any CPU.Build.0 = Debug|Any CPU
		{540A4349-9BC5-4F67-85C9-D9BC67D0C37B}.Release|Any CPU.ActiveCfg = Release|Any CPU
		{540A4349-9BC5-4F67-85C9-D9BC67D0C37B}.Release|Any CPU.Build.0 = Release|Any CPU
		{EA3E7838-30DC-4E2D-8ECB-A17DB0DBF689}.Debug|Any CPU.ActiveCfg = Debug|Any CPU
		{EA3E7838-30DC-4E2D-8ECB-A17DB0DBF689}.Debug|Any CPU.Build.0 = Debug|Any CPU
		{EA3E7838-30DC-4E2D-8ECB-A17DB0DBF689}.Release|Any CPU.ActiveCfg = Release|Any CPU
		{EA3E7838-30DC-4E2D-8ECB-A17DB0DBF689}.Release|Any CPU.Build.0 = Release|Any CPU
		{9F874F81-A33B-4505-BA20-AB5C58B48786}.Debug|Any CPU.ActiveCfg = Debug|Any CPU
		{9F874F81-A33B-4505-BA20-AB5C58B48786}.Debug|Any CPU.Build.0 = Debug|Any CPU
		{9F874F81-A33B-4505-BA20-AB5C58B48786}.Release|Any CPU.ActiveCfg = Release|Any CPU
		{9F874F81-A33B-4505-BA20-AB5C58B48786}.Release|Any CPU.Build.0 = Release|Any CPU
		{5A4A1BA3-F6A9-484D-BE20-417EB6FA2AD2}.Debug|Any CPU.ActiveCfg = Debug|Any CPU
		{5A4A1BA3-F6A9-484D-BE20-417EB6FA2AD2}.Debug|Any CPU.Build.0 = Debug|Any CPU
		{5A4A1BA3-F6A9-484D-BE20-417EB6FA2AD2}.Release|Any CPU.ActiveCfg = Release|Any CPU
		{5A4A1BA3-F6A9-484D-BE20-417EB6FA2AD2}.Release|Any CPU.Build.0 = Release|Any CPU
		{EA3A93E1-E975-468C-9453-47838A9B3E19}.Debug|Any CPU.ActiveCfg = Debug|Any CPU
		{EA3A93E1-E975-468C-9453-47838A9B3E19}.Debug|Any CPU.Build.0 = Debug|Any CPU
		{EA3A93E1-E975-468C-9453-47838A9B3E19}.Release|Any CPU.ActiveCfg = Release|Any CPU
		{EA3A93E1-E975-468C-9453-47838A9B3E19}.Release|Any CPU.Build.0 = Release|Any CPU
		{495B4424-15C2-4F1D-8E24-5A424268E3FD}.Debug|Any CPU.ActiveCfg = Debug|Any CPU
		{495B4424-15C2-4F1D-8E24-5A424268E3FD}.Debug|Any CPU.Build.0 = Debug|Any CPU
		{495B4424-15C2-4F1D-8E24-5A424268E3FD}.Release|Any CPU.ActiveCfg = Release|Any CPU
		{495B4424-15C2-4F1D-8E24-5A424268E3FD}.Release|Any CPU.Build.0 = Release|Any CPU
		{23324E52-1E6A-4B51-907B-1430761C79DB}.Debug|Any CPU.ActiveCfg = Debug|Any CPU
		{23324E52-1E6A-4B51-907B-1430761C79DB}.Debug|Any CPU.Build.0 = Debug|Any CPU
		{23324E52-1E6A-4B51-907B-1430761C79DB}.Release|Any CPU.ActiveCfg = Release|Any CPU
		{23324E52-1E6A-4B51-907B-1430761C79DB}.Release|Any CPU.Build.0 = Release|Any CPU
		{6AC45701-0739-42C1-84E3-1CB260AD3322}.Debug|Any CPU.ActiveCfg = Debug|Any CPU
		{6AC45701-0739-42C1-84E3-1CB260AD3322}.Debug|Any CPU.Build.0 = Debug|Any CPU
		{6AC45701-0739-42C1-84E3-1CB260AD3322}.Release|Any CPU.ActiveCfg = Release|Any CPU
		{6AC45701-0739-42C1-84E3-1CB260AD3322}.Release|Any CPU.Build.0 = Release|Any CPU
		{30B1BDD7-9AB7-4CCF-801B-E3851F385E40}.Debug|Any CPU.ActiveCfg = Debug|Any CPU
		{30B1BDD7-9AB7-4CCF-801B-E3851F385E40}.Debug|Any CPU.Build.0 = Debug|Any CPU
		{30B1BDD7-9AB7-4CCF-801B-E3851F385E40}.Release|Any CPU.ActiveCfg = Release|Any CPU
		{30B1BDD7-9AB7-4CCF-801B-E3851F385E40}.Release|Any CPU.Build.0 = Release|Any CPU
		{83120F57-6A59-4CD2-89CD-C4D53C056F84}.Debug|Any CPU.ActiveCfg = Debug|Any CPU
		{83120F57-6A59-4CD2-89CD-C4D53C056F84}.Debug|Any CPU.Build.0 = Debug|Any CPU
		{83120F57-6A59-4CD2-89CD-C4D53C056F84}.Release|Any CPU.ActiveCfg = Release|Any CPU
		{83120F57-6A59-4CD2-89CD-C4D53C056F84}.Release|Any CPU.Build.0 = Release|Any CPU
		{E4F7FE12-DE38-4679-B366-05243DDE6B1C}.Debug|Any CPU.ActiveCfg = Debug|Any CPU
		{E4F7FE12-DE38-4679-B366-05243DDE6B1C}.Debug|Any CPU.Build.0 = Debug|Any CPU
		{E4F7FE12-DE38-4679-B366-05243DDE6B1C}.Release|Any CPU.ActiveCfg = Release|Any CPU
		{E4F7FE12-DE38-4679-B366-05243DDE6B1C}.Release|Any CPU.Build.0 = Release|Any CPU
		{771B05CF-767E-4037-956D-26EC3770FE7D}.Debug|Any CPU.ActiveCfg = Debug|Any CPU
		{771B05CF-767E-4037-956D-26EC3770FE7D}.Debug|Any CPU.Build.0 = Debug|Any CPU
		{771B05CF-767E-4037-956D-26EC3770FE7D}.Release|Any CPU.ActiveCfg = Release|Any CPU
		{771B05CF-767E-4037-956D-26EC3770FE7D}.Release|Any CPU.Build.0 = Release|Any CPU
		{93CFCA7E-3AF4-42F8-92E0-4FEE5AD38E34}.Debug|Any CPU.ActiveCfg = Debug|Any CPU
		{93CFCA7E-3AF4-42F8-92E0-4FEE5AD38E34}.Debug|Any CPU.Build.0 = Debug|Any CPU
		{93CFCA7E-3AF4-42F8-92E0-4FEE5AD38E34}.Release|Any CPU.ActiveCfg = Release|Any CPU
		{93CFCA7E-3AF4-42F8-92E0-4FEE5AD38E34}.Release|Any CPU.Build.0 = Release|Any CPU
		{F09F3054-6092-4C7E-BAFF-9599A8B6FCAB}.Debug|Any CPU.ActiveCfg = Debug|Any CPU
		{F09F3054-6092-4C7E-BAFF-9599A8B6FCAB}.Debug|Any CPU.Build.0 = Debug|Any CPU
		{F09F3054-6092-4C7E-BAFF-9599A8B6FCAB}.Release|Any CPU.ActiveCfg = Release|Any CPU
		{F09F3054-6092-4C7E-BAFF-9599A8B6FCAB}.Release|Any CPU.Build.0 = Release|Any CPU
		{4D61B111-5F3A-4E11-9028-368E1943D0D5}.Debug|Any CPU.ActiveCfg = Debug|Any CPU
		{4D61B111-5F3A-4E11-9028-368E1943D0D5}.Debug|Any CPU.Build.0 = Debug|Any CPU
		{4D61B111-5F3A-4E11-9028-368E1943D0D5}.Release|Any CPU.ActiveCfg = Release|Any CPU
		{4D61B111-5F3A-4E11-9028-368E1943D0D5}.Release|Any CPU.Build.0 = Release|Any CPU
		{99D09F9D-8D08-46B2-A61F-6B29F1F417F4}.Debug|Any CPU.ActiveCfg = Debug|Any CPU
		{99D09F9D-8D08-46B2-A61F-6B29F1F417F4}.Debug|Any CPU.Build.0 = Debug|Any CPU
		{99D09F9D-8D08-46B2-A61F-6B29F1F417F4}.Release|Any CPU.ActiveCfg = Release|Any CPU
		{99D09F9D-8D08-46B2-A61F-6B29F1F417F4}.Release|Any CPU.Build.0 = Release|Any CPU
		{B9100E30-C386-445D-81D7-3EF5588E608C}.Debug|Any CPU.ActiveCfg = Debug|Any CPU
		{B9100E30-C386-445D-81D7-3EF5588E608C}.Debug|Any CPU.Build.0 = Debug|Any CPU
		{B9100E30-C386-445D-81D7-3EF5588E608C}.Release|Any CPU.ActiveCfg = Release|Any CPU
		{B9100E30-C386-445D-81D7-3EF5588E608C}.Release|Any CPU.Build.0 = Release|Any CPU
		{22063E91-C4BA-46F4-8C37-9E630C8836A2}.Debug|Any CPU.ActiveCfg = Debug|Any CPU
		{22063E91-C4BA-46F4-8C37-9E630C8836A2}.Debug|Any CPU.Build.0 = Debug|Any CPU
		{22063E91-C4BA-46F4-8C37-9E630C8836A2}.Release|Any CPU.ActiveCfg = Release|Any CPU
		{22063E91-C4BA-46F4-8C37-9E630C8836A2}.Release|Any CPU.Build.0 = Release|Any CPU
		{DAE1A577-1F71-4713-BB7C-A8CE66C3E099}.Debug|Any CPU.ActiveCfg = Debug|Any CPU
		{DAE1A577-1F71-4713-BB7C-A8CE66C3E099}.Debug|Any CPU.Build.0 = Debug|Any CPU
		{DAE1A577-1F71-4713-BB7C-A8CE66C3E099}.Release|Any CPU.ActiveCfg = Release|Any CPU
		{DAE1A577-1F71-4713-BB7C-A8CE66C3E099}.Release|Any CPU.Build.0 = Release|Any CPU
		{748FC0AB-A7A7-4689-B20B-574D4804CCBD}.Debug|Any CPU.ActiveCfg = Debug|Any CPU
		{748FC0AB-A7A7-4689-B20B-574D4804CCBD}.Debug|Any CPU.Build.0 = Debug|Any CPU
		{748FC0AB-A7A7-4689-B20B-574D4804CCBD}.Release|Any CPU.ActiveCfg = Release|Any CPU
		{748FC0AB-A7A7-4689-B20B-574D4804CCBD}.Release|Any CPU.Build.0 = Release|Any CPU
		{AAFBB24C-342F-40F8-BE99-9E2FFE40FABA}.Debug|Any CPU.ActiveCfg = Debug|Any CPU
		{AAFBB24C-342F-40F8-BE99-9E2FFE40FABA}.Debug|Any CPU.Build.0 = Debug|Any CPU
		{AAFBB24C-342F-40F8-BE99-9E2FFE40FABA}.Release|Any CPU.ActiveCfg = Release|Any CPU
		{AAFBB24C-342F-40F8-BE99-9E2FFE40FABA}.Release|Any CPU.Build.0 = Release|Any CPU
		{5AC5AFBC-5830-459F-BE5A-9A95936708BB}.Debug|Any CPU.ActiveCfg = Debug|Any CPU
		{5AC5AFBC-5830-459F-BE5A-9A95936708BB}.Debug|Any CPU.Build.0 = Debug|Any CPU
		{5AC5AFBC-5830-459F-BE5A-9A95936708BB}.Release|Any CPU.ActiveCfg = Release|Any CPU
		{5AC5AFBC-5830-459F-BE5A-9A95936708BB}.Release|Any CPU.Build.0 = Release|Any CPU
		{F0DD2D47-0A7C-4DDE-AA45-14C981A2919A}.Debug|Any CPU.ActiveCfg = Debug|Any CPU
		{F0DD2D47-0A7C-4DDE-AA45-14C981A2919A}.Debug|Any CPU.Build.0 = Debug|Any CPU
		{F0DD2D47-0A7C-4DDE-AA45-14C981A2919A}.Release|Any CPU.ActiveCfg = Release|Any CPU
		{F0DD2D47-0A7C-4DDE-AA45-14C981A2919A}.Release|Any CPU.Build.0 = Release|Any CPU
		{679BC48F-6FCB-4E7C-B2FB-753721C69C1F}.Debug|Any CPU.ActiveCfg = Debug|Any CPU
		{679BC48F-6FCB-4E7C-B2FB-753721C69C1F}.Debug|Any CPU.Build.0 = Debug|Any CPU
		{679BC48F-6FCB-4E7C-B2FB-753721C69C1F}.Release|Any CPU.ActiveCfg = Release|Any CPU
		{679BC48F-6FCB-4E7C-B2FB-753721C69C1F}.Release|Any CPU.Build.0 = Release|Any CPU
		{1F4DC247-04FD-4EF0-ACE3-FFF3773C1E81}.Debug|Any CPU.ActiveCfg = Debug|Any CPU
		{1F4DC247-04FD-4EF0-ACE3-FFF3773C1E81}.Debug|Any CPU.Build.0 = Debug|Any CPU
		{1F4DC247-04FD-4EF0-ACE3-FFF3773C1E81}.Release|Any CPU.ActiveCfg = Release|Any CPU
		{1F4DC247-04FD-4EF0-ACE3-FFF3773C1E81}.Release|Any CPU.Build.0 = Release|Any CPU
		{7C8EE07D-3EAC-4914-8F3D-7410FE7E3E08}.Debug|Any CPU.ActiveCfg = Debug|Any CPU
		{7C8EE07D-3EAC-4914-8F3D-7410FE7E3E08}.Debug|Any CPU.Build.0 = Debug|Any CPU
		{7C8EE07D-3EAC-4914-8F3D-7410FE7E3E08}.Release|Any CPU.ActiveCfg = Release|Any CPU
		{7C8EE07D-3EAC-4914-8F3D-7410FE7E3E08}.Release|Any CPU.Build.0 = Release|Any CPU
		{86AB095F-DE0A-407F-9C92-D7965FDAEC1B}.Debug|Any CPU.ActiveCfg = Debug|Any CPU
		{86AB095F-DE0A-407F-9C92-D7965FDAEC1B}.Debug|Any CPU.Build.0 = Debug|Any CPU
		{86AB095F-DE0A-407F-9C92-D7965FDAEC1B}.Release|Any CPU.ActiveCfg = Release|Any CPU
		{86AB095F-DE0A-407F-9C92-D7965FDAEC1B}.Release|Any CPU.Build.0 = Release|Any CPU
		{7047D1D5-760E-4CD8-9783-E1C4F04DD90C}.Debug|Any CPU.ActiveCfg = Debug|Any CPU
		{7047D1D5-760E-4CD8-9783-E1C4F04DD90C}.Debug|Any CPU.Build.0 = Debug|Any CPU
		{7047D1D5-760E-4CD8-9783-E1C4F04DD90C}.Release|Any CPU.ActiveCfg = Release|Any CPU
		{7047D1D5-760E-4CD8-9783-E1C4F04DD90C}.Release|Any CPU.Build.0 = Release|Any CPU
		{9F0FCC4A-86B2-4FDA-8B8A-837B941F10D6}.Debug|Any CPU.ActiveCfg = Debug|Any CPU
		{9F0FCC4A-86B2-4FDA-8B8A-837B941F10D6}.Debug|Any CPU.Build.0 = Debug|Any CPU
		{9F0FCC4A-86B2-4FDA-8B8A-837B941F10D6}.Release|Any CPU.ActiveCfg = Release|Any CPU
		{9F0FCC4A-86B2-4FDA-8B8A-837B941F10D6}.Release|Any CPU.Build.0 = Release|Any CPU
		{DD680D58-CD54-4D4F-A82C-8089589A07C9}.Debug|Any CPU.ActiveCfg = Debug|Any CPU
		{DD680D58-CD54-4D4F-A82C-8089589A07C9}.Debug|Any CPU.Build.0 = Debug|Any CPU
		{DD680D58-CD54-4D4F-A82C-8089589A07C9}.Release|Any CPU.ActiveCfg = Release|Any CPU
		{DD680D58-CD54-4D4F-A82C-8089589A07C9}.Release|Any CPU.Build.0 = Release|Any CPU
		{D60CC4BD-7C6B-4704-9364-B60934686742}.Debug|Any CPU.ActiveCfg = Debug|Any CPU
		{D60CC4BD-7C6B-4704-9364-B60934686742}.Debug|Any CPU.Build.0 = Debug|Any CPU
		{D60CC4BD-7C6B-4704-9364-B60934686742}.Release|Any CPU.ActiveCfg = Release|Any CPU
		{D60CC4BD-7C6B-4704-9364-B60934686742}.Release|Any CPU.Build.0 = Release|Any CPU
		{06E5E773-52AD-4030-B0E3-861E1ABC2347}.Debug|Any CPU.ActiveCfg = Debug|Any CPU
		{06E5E773-52AD-4030-B0E3-861E1ABC2347}.Debug|Any CPU.Build.0 = Debug|Any CPU
		{06E5E773-52AD-4030-B0E3-861E1ABC2347}.Release|Any CPU.ActiveCfg = Release|Any CPU
		{06E5E773-52AD-4030-B0E3-861E1ABC2347}.Release|Any CPU.Build.0 = Release|Any CPU
		{35F965C6-D12D-40A5-B0C8-B1A0D7B77B38}.Debug|Any CPU.ActiveCfg = Debug|Any CPU
		{35F965C6-D12D-40A5-B0C8-B1A0D7B77B38}.Debug|Any CPU.Build.0 = Debug|Any CPU
		{35F965C6-D12D-40A5-B0C8-B1A0D7B77B38}.Release|Any CPU.ActiveCfg = Release|Any CPU
		{35F965C6-D12D-40A5-B0C8-B1A0D7B77B38}.Release|Any CPU.Build.0 = Release|Any CPU
		{4683B8D9-0488-4D2C-8542-D90876A981ED}.Debug|Any CPU.ActiveCfg = Debug|Any CPU
		{4683B8D9-0488-4D2C-8542-D90876A981ED}.Debug|Any CPU.Build.0 = Debug|Any CPU
		{4683B8D9-0488-4D2C-8542-D90876A981ED}.Release|Any CPU.ActiveCfg = Release|Any CPU
		{4683B8D9-0488-4D2C-8542-D90876A981ED}.Release|Any CPU.Build.0 = Release|Any CPU
		{4815B647-97AE-4453-9E3A-7BC6379843CA}.Debug|Any CPU.ActiveCfg = Debug|Any CPU
		{4815B647-97AE-4453-9E3A-7BC6379843CA}.Debug|Any CPU.Build.0 = Debug|Any CPU
		{4815B647-97AE-4453-9E3A-7BC6379843CA}.Release|Any CPU.ActiveCfg = Release|Any CPU
		{4815B647-97AE-4453-9E3A-7BC6379843CA}.Release|Any CPU.Build.0 = Release|Any CPU
		{CFAB2DDE-CAE1-4AA2-909D-594EE79E945D}.Debug|Any CPU.ActiveCfg = Debug|Any CPU
		{CFAB2DDE-CAE1-4AA2-909D-594EE79E945D}.Debug|Any CPU.Build.0 = Debug|Any CPU
		{CFAB2DDE-CAE1-4AA2-909D-594EE79E945D}.Release|Any CPU.ActiveCfg = Release|Any CPU
		{CFAB2DDE-CAE1-4AA2-909D-594EE79E945D}.Release|Any CPU.Build.0 = Release|Any CPU
		{BA2C28A5-DB20-4062-92D6-19C73C639520}.Debug|Any CPU.ActiveCfg = Debug|Any CPU
		{BA2C28A5-DB20-4062-92D6-19C73C639520}.Debug|Any CPU.Build.0 = Debug|Any CPU
		{BA2C28A5-DB20-4062-92D6-19C73C639520}.Release|Any CPU.ActiveCfg = Release|Any CPU
		{BA2C28A5-DB20-4062-92D6-19C73C639520}.Release|Any CPU.Build.0 = Release|Any CPU
		{3AFED0A5-F78C-4C25-ACCA-375DA6E23275}.Debug|Any CPU.ActiveCfg = Debug|Any CPU
		{3AFED0A5-F78C-4C25-ACCA-375DA6E23275}.Debug|Any CPU.Build.0 = Debug|Any CPU
		{3AFED0A5-F78C-4C25-ACCA-375DA6E23275}.Release|Any CPU.ActiveCfg = Release|Any CPU
		{3AFED0A5-F78C-4C25-ACCA-375DA6E23275}.Release|Any CPU.Build.0 = Release|Any CPU
		{671A47DB-C487-48D2-A3CD-2D9CFDACCAEF}.Debug|Any CPU.ActiveCfg = Debug|Any CPU
		{671A47DB-C487-48D2-A3CD-2D9CFDACCAEF}.Debug|Any CPU.Build.0 = Debug|Any CPU
		{671A47DB-C487-48D2-A3CD-2D9CFDACCAEF}.Release|Any CPU.ActiveCfg = Release|Any CPU
		{671A47DB-C487-48D2-A3CD-2D9CFDACCAEF}.Release|Any CPU.Build.0 = Release|Any CPU
		{FB254E80-1D39-4A8B-9E89-9C765443EC91}.Debug|Any CPU.ActiveCfg = Debug|Any CPU
		{FB254E80-1D39-4A8B-9E89-9C765443EC91}.Debug|Any CPU.Build.0 = Debug|Any CPU
		{FB254E80-1D39-4A8B-9E89-9C765443EC91}.Release|Any CPU.ActiveCfg = Release|Any CPU
		{FB254E80-1D39-4A8B-9E89-9C765443EC91}.Release|Any CPU.Build.0 = Release|Any CPU
		{2A017867-D432-4851-A1EF-A5A1D1553280}.Debug|Any CPU.ActiveCfg = Debug|Any CPU
		{2A017867-D432-4851-A1EF-A5A1D1553280}.Debug|Any CPU.Build.0 = Debug|Any CPU
		{2A017867-D432-4851-A1EF-A5A1D1553280}.Release|Any CPU.ActiveCfg = Release|Any CPU
		{2A017867-D432-4851-A1EF-A5A1D1553280}.Release|Any CPU.Build.0 = Release|Any CPU
		{FCA26554-0867-49BD-B49A-BDB4E160F56D}.Debug|Any CPU.ActiveCfg = Debug|Any CPU
		{FCA26554-0867-49BD-B49A-BDB4E160F56D}.Debug|Any CPU.Build.0 = Debug|Any CPU
		{FCA26554-0867-49BD-B49A-BDB4E160F56D}.Release|Any CPU.ActiveCfg = Release|Any CPU
		{FCA26554-0867-49BD-B49A-BDB4E160F56D}.Release|Any CPU.Build.0 = Release|Any CPU
		{F892625A-7993-4C15-9A51-8D3DECBE51FC}.Debug|Any CPU.ActiveCfg = Debug|Any CPU
		{F892625A-7993-4C15-9A51-8D3DECBE51FC}.Debug|Any CPU.Build.0 = Debug|Any CPU
		{F892625A-7993-4C15-9A51-8D3DECBE51FC}.Release|Any CPU.ActiveCfg = Release|Any CPU
		{F892625A-7993-4C15-9A51-8D3DECBE51FC}.Release|Any CPU.Build.0 = Release|Any CPU
		{77BBF923-266B-43E0-8CCF-ED0D716AA2DC}.Debug|Any CPU.ActiveCfg = Debug|Any CPU
		{77BBF923-266B-43E0-8CCF-ED0D716AA2DC}.Debug|Any CPU.Build.0 = Debug|Any CPU
		{77BBF923-266B-43E0-8CCF-ED0D716AA2DC}.Release|Any CPU.ActiveCfg = Release|Any CPU
		{77BBF923-266B-43E0-8CCF-ED0D716AA2DC}.Release|Any CPU.Build.0 = Release|Any CPU
		{94612B1E-EB77-47B1-9E19-F07B79E779BA}.Debug|Any CPU.ActiveCfg = Debug|Any CPU
		{94612B1E-EB77-47B1-9E19-F07B79E779BA}.Debug|Any CPU.Build.0 = Debug|Any CPU
		{94612B1E-EB77-47B1-9E19-F07B79E779BA}.Release|Any CPU.ActiveCfg = Release|Any CPU
		{94612B1E-EB77-47B1-9E19-F07B79E779BA}.Release|Any CPU.Build.0 = Release|Any CPU
		{E7882591-20C2-4C3C-8CBC-29BED3C796A9}.Debug|Any CPU.ActiveCfg = Debug|Any CPU
		{E7882591-20C2-4C3C-8CBC-29BED3C796A9}.Debug|Any CPU.Build.0 = Debug|Any CPU
		{E7882591-20C2-4C3C-8CBC-29BED3C796A9}.Release|Any CPU.ActiveCfg = Release|Any CPU
		{E7882591-20C2-4C3C-8CBC-29BED3C796A9}.Release|Any CPU.Build.0 = Release|Any CPU
		{D789A870-B7B4-4DAD-B9E5-051B9E852E71}.Debug|Any CPU.ActiveCfg = Debug|Any CPU
		{D789A870-B7B4-4DAD-B9E5-051B9E852E71}.Debug|Any CPU.Build.0 = Debug|Any CPU
		{D789A870-B7B4-4DAD-B9E5-051B9E852E71}.Release|Any CPU.ActiveCfg = Release|Any CPU
		{D789A870-B7B4-4DAD-B9E5-051B9E852E71}.Release|Any CPU.Build.0 = Release|Any CPU
		{2A2B280C-8351-4170-AAF9-2C12BCA4FE3D}.Debug|Any CPU.ActiveCfg = Debug|Any CPU
		{2A2B280C-8351-4170-AAF9-2C12BCA4FE3D}.Debug|Any CPU.Build.0 = Debug|Any CPU
		{2A2B280C-8351-4170-AAF9-2C12BCA4FE3D}.Release|Any CPU.ActiveCfg = Release|Any CPU
		{2A2B280C-8351-4170-AAF9-2C12BCA4FE3D}.Release|Any CPU.Build.0 = Release|Any CPU
		{BDA7B1A2-4BCF-4910-87D2-7C33B34DB631}.Debug|Any CPU.ActiveCfg = Debug|Any CPU
		{BDA7B1A2-4BCF-4910-87D2-7C33B34DB631}.Debug|Any CPU.Build.0 = Debug|Any CPU
		{BDA7B1A2-4BCF-4910-87D2-7C33B34DB631}.Release|Any CPU.ActiveCfg = Release|Any CPU
		{BDA7B1A2-4BCF-4910-87D2-7C33B34DB631}.Release|Any CPU.Build.0 = Release|Any CPU
		{5771D201-2CB3-4F61-8858-68B863448756}.Debug|Any CPU.ActiveCfg = Debug|Any CPU
		{5771D201-2CB3-4F61-8858-68B863448756}.Debug|Any CPU.Build.0 = Debug|Any CPU
		{5771D201-2CB3-4F61-8858-68B863448756}.Release|Any CPU.ActiveCfg = Release|Any CPU
		{5771D201-2CB3-4F61-8858-68B863448756}.Release|Any CPU.Build.0 = Release|Any CPU
		{627B74BC-43A0-4541-B388-1DC16FB99D4C}.Debug|Any CPU.ActiveCfg = Debug|Any CPU
		{627B74BC-43A0-4541-B388-1DC16FB99D4C}.Debug|Any CPU.Build.0 = Debug|Any CPU
		{627B74BC-43A0-4541-B388-1DC16FB99D4C}.Release|Any CPU.ActiveCfg = Release|Any CPU
		{627B74BC-43A0-4541-B388-1DC16FB99D4C}.Release|Any CPU.Build.0 = Release|Any CPU
		{5FD2AA9B-77F9-499B-980F-C9AF3D01D562}.Debug|Any CPU.ActiveCfg = Debug|Any CPU
		{5FD2AA9B-77F9-499B-980F-C9AF3D01D562}.Debug|Any CPU.Build.0 = Debug|Any CPU
		{5FD2AA9B-77F9-499B-980F-C9AF3D01D562}.Release|Any CPU.ActiveCfg = Release|Any CPU
		{5FD2AA9B-77F9-499B-980F-C9AF3D01D562}.Release|Any CPU.Build.0 = Release|Any CPU
		{20BB38B3-2D91-43C8-A6CF-3C323D16E542}.Debug|Any CPU.ActiveCfg = Debug|Any CPU
		{20BB38B3-2D91-43C8-A6CF-3C323D16E542}.Debug|Any CPU.Build.0 = Debug|Any CPU
		{20BB38B3-2D91-43C8-A6CF-3C323D16E542}.Release|Any CPU.ActiveCfg = Release|Any CPU
		{20BB38B3-2D91-43C8-A6CF-3C323D16E542}.Release|Any CPU.Build.0 = Release|Any CPU
		{BD527CB2-6ACD-4AED-BD12-6BFBFA0AB54D}.Debug|Any CPU.ActiveCfg = Debug|Any CPU
		{BD527CB2-6ACD-4AED-BD12-6BFBFA0AB54D}.Debug|Any CPU.Build.0 = Debug|Any CPU
		{BD527CB2-6ACD-4AED-BD12-6BFBFA0AB54D}.Release|Any CPU.ActiveCfg = Release|Any CPU
		{BD527CB2-6ACD-4AED-BD12-6BFBFA0AB54D}.Release|Any CPU.Build.0 = Release|Any CPU
		{248964C1-C4A4-42F5-98B3-00B644218BF9}.Debug|Any CPU.ActiveCfg = Debug|Any CPU
		{248964C1-C4A4-42F5-98B3-00B644218BF9}.Debug|Any CPU.Build.0 = Debug|Any CPU
		{248964C1-C4A4-42F5-98B3-00B644218BF9}.Release|Any CPU.ActiveCfg = Release|Any CPU
		{248964C1-C4A4-42F5-98B3-00B644218BF9}.Release|Any CPU.Build.0 = Release|Any CPU
		{2EDEC446-682F-45CB-86C7-BFE03C841F3C}.Debug|Any CPU.ActiveCfg = Debug|Any CPU
		{2EDEC446-682F-45CB-86C7-BFE03C841F3C}.Debug|Any CPU.Build.0 = Debug|Any CPU
		{2EDEC446-682F-45CB-86C7-BFE03C841F3C}.Release|Any CPU.ActiveCfg = Release|Any CPU
		{2EDEC446-682F-45CB-86C7-BFE03C841F3C}.Release|Any CPU.Build.0 = Release|Any CPU
		{9D5C1923-F8DE-406F-ABC8-F39E0339F77D}.Debug|Any CPU.ActiveCfg = Debug|Any CPU
		{9D5C1923-F8DE-406F-ABC8-F39E0339F77D}.Debug|Any CPU.Build.0 = Debug|Any CPU
		{9D5C1923-F8DE-406F-ABC8-F39E0339F77D}.Release|Any CPU.ActiveCfg = Release|Any CPU
		{9D5C1923-F8DE-406F-ABC8-F39E0339F77D}.Release|Any CPU.Build.0 = Release|Any CPU
		{9BC0801D-4D9A-4FF1-9217-CA309069B7DA}.Debug|Any CPU.ActiveCfg = Debug|Any CPU
		{9BC0801D-4D9A-4FF1-9217-CA309069B7DA}.Debug|Any CPU.Build.0 = Debug|Any CPU
		{9BC0801D-4D9A-4FF1-9217-CA309069B7DA}.Release|Any CPU.ActiveCfg = Release|Any CPU
		{9BC0801D-4D9A-4FF1-9217-CA309069B7DA}.Release|Any CPU.Build.0 = Release|Any CPU
		{0F6F5559-5FFE-4B9C-888B-7540731D1A0E}.Debug|Any CPU.ActiveCfg = Debug|Any CPU
		{0F6F5559-5FFE-4B9C-888B-7540731D1A0E}.Debug|Any CPU.Build.0 = Debug|Any CPU
		{0F6F5559-5FFE-4B9C-888B-7540731D1A0E}.Release|Any CPU.ActiveCfg = Release|Any CPU
		{0F6F5559-5FFE-4B9C-888B-7540731D1A0E}.Release|Any CPU.Build.0 = Release|Any CPU
		{2A31B172-09ED-4190-90E4-E2B230EC40F8}.Debug|Any CPU.ActiveCfg = Debug|Any CPU
		{2A31B172-09ED-4190-90E4-E2B230EC40F8}.Debug|Any CPU.Build.0 = Debug|Any CPU
		{2A31B172-09ED-4190-90E4-E2B230EC40F8}.Release|Any CPU.ActiveCfg = Release|Any CPU
		{2A31B172-09ED-4190-90E4-E2B230EC40F8}.Release|Any CPU.Build.0 = Release|Any CPU
		{BF492961-FCF3-496C-9F5B-DC326501975F}.Debug|Any CPU.ActiveCfg = Debug|Any CPU
		{BF492961-FCF3-496C-9F5B-DC326501975F}.Debug|Any CPU.Build.0 = Debug|Any CPU
		{BF492961-FCF3-496C-9F5B-DC326501975F}.Release|Any CPU.ActiveCfg = Release|Any CPU
		{BF492961-FCF3-496C-9F5B-DC326501975F}.Release|Any CPU.Build.0 = Release|Any CPU
		{982BB7CC-F3D7-4DD5-A865-FD07B0B5F400}.Debug|Any CPU.ActiveCfg = Debug|Any CPU
		{982BB7CC-F3D7-4DD5-A865-FD07B0B5F400}.Debug|Any CPU.Build.0 = Debug|Any CPU
		{982BB7CC-F3D7-4DD5-A865-FD07B0B5F400}.Release|Any CPU.ActiveCfg = Release|Any CPU
		{982BB7CC-F3D7-4DD5-A865-FD07B0B5F400}.Release|Any CPU.Build.0 = Release|Any CPU
	EndGlobalSection
	GlobalSection(SolutionProperties) = preSolution
		HideSolutionNode = FALSE
	EndGlobalSection
	GlobalSection(NestedProjects) = preSolution
		{3BB46F94-021F-4952-B9CD-A78BB93B5B6C} = {1A0A400D-72DF-4755-8D3C-57F1DE1628BD}
		{56DC206C-CF7A-48BD-8276-EFA6603E7136} = {1A0A400D-72DF-4755-8D3C-57F1DE1628BD}
		{A7614763-109C-4863-88A0-6998AA3A7B87} = {1A0A400D-72DF-4755-8D3C-57F1DE1628BD}
		{12B92E6C-FB24-4ACD-8450-40A5152C2642} = {A329740E-CB52-4E14-8302-5671BBE3BDFC}
		{8DABCDC8-C506-451B-894D-D8814F8A9313} = {A329740E-CB52-4E14-8302-5671BBE3BDFC}
		{E453DEF4-92F9-4124-A163-AFC701ECC1FC} = {1A0A400D-72DF-4755-8D3C-57F1DE1628BD}
		{DA03E06D-9F73-4123-ABE2-883CA1EB845C} = {1A0A400D-72DF-4755-8D3C-57F1DE1628BD}
		{6543528D-99B6-4DE9-B2AE-C1740D4496EC} = {1A0A400D-72DF-4755-8D3C-57F1DE1628BD}
		{4229E536-3E00-47B2-ADA9-1A7145234CA5} = {1A0A400D-72DF-4755-8D3C-57F1DE1628BD}
		{2433D2F6-BDCA-4D29-BB25-383D8F09945B} = {1A0A400D-72DF-4755-8D3C-57F1DE1628BD}
		{972B3042-9761-4E76-8C4D-595816D10948} = {1A0A400D-72DF-4755-8D3C-57F1DE1628BD}
		{563408F2-5C6D-43CA-8007-5125B845B5B8} = {1A0A400D-72DF-4755-8D3C-57F1DE1628BD}
		{7E0B50CE-195E-40B0-B508-D7C30A446BAC} = {1A0A400D-72DF-4755-8D3C-57F1DE1628BD}
		{B6A26AD5-EE35-4B91-B76F-4F6087561241} = {1A0A400D-72DF-4755-8D3C-57F1DE1628BD}
		{00B6E567-33AA-438F-992A-C47F23145C2A} = {1A0A400D-72DF-4755-8D3C-57F1DE1628BD}
		{38F45AE2-BB07-4A2C-A846-29A5C265907B} = {1A0A400D-72DF-4755-8D3C-57F1DE1628BD}
		{8301A994-C854-435D-A7F9-79C6E2D18A55} = {1A0A400D-72DF-4755-8D3C-57F1DE1628BD}
		{A3DB464D-2C11-455A-AFB2-FFBA4446EF99} = {1A0A400D-72DF-4755-8D3C-57F1DE1628BD}
		{540A4349-9BC5-4F67-85C9-D9BC67D0C37B} = {1A0A400D-72DF-4755-8D3C-57F1DE1628BD}
		{EA3E7838-30DC-4E2D-8ECB-A17DB0DBF689} = {1A0A400D-72DF-4755-8D3C-57F1DE1628BD}
		{9F874F81-A33B-4505-BA20-AB5C58B48786} = {1A0A400D-72DF-4755-8D3C-57F1DE1628BD}
		{5A4A1BA3-F6A9-484D-BE20-417EB6FA2AD2} = {1A0A400D-72DF-4755-8D3C-57F1DE1628BD}
		{EA3A93E1-E975-468C-9453-47838A9B3E19} = {1A0A400D-72DF-4755-8D3C-57F1DE1628BD}
		{495B4424-15C2-4F1D-8E24-5A424268E3FD} = {1A0A400D-72DF-4755-8D3C-57F1DE1628BD}
		{23324E52-1E6A-4B51-907B-1430761C79DB} = {1A0A400D-72DF-4755-8D3C-57F1DE1628BD}
		{6AC45701-0739-42C1-84E3-1CB260AD3322} = {1A0A400D-72DF-4755-8D3C-57F1DE1628BD}
		{30B1BDD7-9AB7-4CCF-801B-E3851F385E40} = {1A0A400D-72DF-4755-8D3C-57F1DE1628BD}
		{83120F57-6A59-4CD2-89CD-C4D53C056F84} = {1A0A400D-72DF-4755-8D3C-57F1DE1628BD}
		{E4F7FE12-DE38-4679-B366-05243DDE6B1C} = {1A0A400D-72DF-4755-8D3C-57F1DE1628BD}
		{771B05CF-767E-4037-956D-26EC3770FE7D} = {1A0A400D-72DF-4755-8D3C-57F1DE1628BD}
		{93CFCA7E-3AF4-42F8-92E0-4FEE5AD38E34} = {A329740E-CB52-4E14-8302-5671BBE3BDFC}
		{F09F3054-6092-4C7E-BAFF-9599A8B6FCAB} = {A329740E-CB52-4E14-8302-5671BBE3BDFC}
		{4D61B111-5F3A-4E11-9028-368E1943D0D5} = {1A0A400D-72DF-4755-8D3C-57F1DE1628BD}
		{99D09F9D-8D08-46B2-A61F-6B29F1F417F4} = {1A0A400D-72DF-4755-8D3C-57F1DE1628BD}
		{B9100E30-C386-445D-81D7-3EF5588E608C} = {1A0A400D-72DF-4755-8D3C-57F1DE1628BD}
		{22063E91-C4BA-46F4-8C37-9E630C8836A2} = {1A0A400D-72DF-4755-8D3C-57F1DE1628BD}
		{DAE1A577-1F71-4713-BB7C-A8CE66C3E099} = {1A0A400D-72DF-4755-8D3C-57F1DE1628BD}
		{748FC0AB-A7A7-4689-B20B-574D4804CCBD} = {1A0A400D-72DF-4755-8D3C-57F1DE1628BD}
		{AAFBB24C-342F-40F8-BE99-9E2FFE40FABA} = {1A0A400D-72DF-4755-8D3C-57F1DE1628BD}
		{5AC5AFBC-5830-459F-BE5A-9A95936708BB} = {1A0A400D-72DF-4755-8D3C-57F1DE1628BD}
		{F0DD2D47-0A7C-4DDE-AA45-14C981A2919A} = {1A0A400D-72DF-4755-8D3C-57F1DE1628BD}
		{679BC48F-6FCB-4E7C-B2FB-753721C69C1F} = {1A0A400D-72DF-4755-8D3C-57F1DE1628BD}
		{1F4DC247-04FD-4EF0-ACE3-FFF3773C1E81} = {1A0A400D-72DF-4755-8D3C-57F1DE1628BD}
		{7C8EE07D-3EAC-4914-8F3D-7410FE7E3E08} = {1A0A400D-72DF-4755-8D3C-57F1DE1628BD}
		{86AB095F-DE0A-407F-9C92-D7965FDAEC1B} = {1A0A400D-72DF-4755-8D3C-57F1DE1628BD}
		{7047D1D5-760E-4CD8-9783-E1C4F04DD90C} = {1A0A400D-72DF-4755-8D3C-57F1DE1628BD}
		{9F0FCC4A-86B2-4FDA-8B8A-837B941F10D6} = {1A0A400D-72DF-4755-8D3C-57F1DE1628BD}
		{DD680D58-CD54-4D4F-A82C-8089589A07C9} = {1A0A400D-72DF-4755-8D3C-57F1DE1628BD}
		{D60CC4BD-7C6B-4704-9364-B60934686742} = {1A0A400D-72DF-4755-8D3C-57F1DE1628BD}
		{06E5E773-52AD-4030-B0E3-861E1ABC2347} = {1A0A400D-72DF-4755-8D3C-57F1DE1628BD}
		{35F965C6-D12D-40A5-B0C8-B1A0D7B77B38} = {1A0A400D-72DF-4755-8D3C-57F1DE1628BD}
		{4683B8D9-0488-4D2C-8542-D90876A981ED} = {1A0A400D-72DF-4755-8D3C-57F1DE1628BD}
		{4815B647-97AE-4453-9E3A-7BC6379843CA} = {1A0A400D-72DF-4755-8D3C-57F1DE1628BD}
		{CFAB2DDE-CAE1-4AA2-909D-594EE79E945D} = {1A0A400D-72DF-4755-8D3C-57F1DE1628BD}
		{BA2C28A5-DB20-4062-92D6-19C73C639520} = {1A0A400D-72DF-4755-8D3C-57F1DE1628BD}
		{3AFED0A5-F78C-4C25-ACCA-375DA6E23275} = {A329740E-CB52-4E14-8302-5671BBE3BDFC}
		{671A47DB-C487-48D2-A3CD-2D9CFDACCAEF} = {A329740E-CB52-4E14-8302-5671BBE3BDFC}
		{FB254E80-1D39-4A8B-9E89-9C765443EC91} = {A329740E-CB52-4E14-8302-5671BBE3BDFC}
		{2A017867-D432-4851-A1EF-A5A1D1553280} = {34D8CC0E-D01D-49BB-9C2D-B5EE24FD5D7E}
		{FCA26554-0867-49BD-B49A-BDB4E160F56D} = {1A0A400D-72DF-4755-8D3C-57F1DE1628BD}
		{F892625A-7993-4C15-9A51-8D3DECBE51FC} = {1A0A400D-72DF-4755-8D3C-57F1DE1628BD}
		{77BBF923-266B-43E0-8CCF-ED0D716AA2DC} = {1A0A400D-72DF-4755-8D3C-57F1DE1628BD}
		{94612B1E-EB77-47B1-9E19-F07B79E779BA} = {1A0A400D-72DF-4755-8D3C-57F1DE1628BD}
		{E7882591-20C2-4C3C-8CBC-29BED3C796A9} = {1A0A400D-72DF-4755-8D3C-57F1DE1628BD}
		{D789A870-B7B4-4DAD-B9E5-051B9E852E71} = {1A0A400D-72DF-4755-8D3C-57F1DE1628BD}
		{2A2B280C-8351-4170-AAF9-2C12BCA4FE3D} = {1A0A400D-72DF-4755-8D3C-57F1DE1628BD}
		{BDA7B1A2-4BCF-4910-87D2-7C33B34DB631} = {1A0A400D-72DF-4755-8D3C-57F1DE1628BD}
		{5771D201-2CB3-4F61-8858-68B863448756} = {1A0A400D-72DF-4755-8D3C-57F1DE1628BD}
		{627B74BC-43A0-4541-B388-1DC16FB99D4C} = {A329740E-CB52-4E14-8302-5671BBE3BDFC}
		{5FD2AA9B-77F9-499B-980F-C9AF3D01D562} = {34D8CC0E-D01D-49BB-9C2D-B5EE24FD5D7E}
		{20BB38B3-2D91-43C8-A6CF-3C323D16E542} = {1A0A400D-72DF-4755-8D3C-57F1DE1628BD}
		{BD527CB2-6ACD-4AED-BD12-6BFBFA0AB54D} = {1A0A400D-72DF-4755-8D3C-57F1DE1628BD}
		{248964C1-C4A4-42F5-98B3-00B644218BF9} = {1A0A400D-72DF-4755-8D3C-57F1DE1628BD}
		{2EDEC446-682F-45CB-86C7-BFE03C841F3C} = {1A0A400D-72DF-4755-8D3C-57F1DE1628BD}
		{9D5C1923-F8DE-406F-ABC8-F39E0339F77D} = {1A0A400D-72DF-4755-8D3C-57F1DE1628BD}
		{9BC0801D-4D9A-4FF1-9217-CA309069B7DA} = {1A0A400D-72DF-4755-8D3C-57F1DE1628BD}
		{0F6F5559-5FFE-4B9C-888B-7540731D1A0E} = {1A0A400D-72DF-4755-8D3C-57F1DE1628BD}
		{2A31B172-09ED-4190-90E4-E2B230EC40F8} = {1A0A400D-72DF-4755-8D3C-57F1DE1628BD}
		{BF492961-FCF3-496C-9F5B-DC326501975F} = {A329740E-CB52-4E14-8302-5671BBE3BDFC}
		{982BB7CC-F3D7-4DD5-A865-FD07B0B5F400} = {A329740E-CB52-4E14-8302-5671BBE3BDFC}
	EndGlobalSection
	GlobalSection(ExtensibilityGlobals) = postSolution
		SolutionGuid = {3D20E7ED-5870-41FC-B7D9-11D6C9CA57C3}
	EndGlobalSection
EndGlobal
