
Microsoft Visual Studio Solution File, Format Version 12.00
# Visual Studio Version 16
VisualStudioVersion = 16.0.30413.136
MinimumVisualStudioVersion = 10.0.40219.1
Project("{FAE04EC0-301F-11D3-BF4B-00C04F79EFBC}") = "001_HelloWorld", "001_HelloWorld\001_HelloWorld.csproj", "{3BB46F94-021F-4952-B9CD-A78BB93B5B6C}"
EndProject
Project("{FAE04EC0-301F-11D3-BF4B-00C04F79EFBC}") = "002_HelloWorld", "002_HelloWorld\002_HelloWorld.csproj", "{56DC206C-CF7A-48BD-8276-EFA6603E7136}"
EndProject
Project("{FAE04EC0-301F-11D3-BF4B-00C04F79EFBC}") = "003_HelloWorld", "003_HelloWorld\003_HelloWorld.csproj", "{A7614763-109C-4863-88A0-6998AA3A7B87}"
EndProject
Project("{FAE04EC0-301F-11D3-BF4B-00C04F79EFBC}") = "004_Check", "004_Check\004_Check.csproj", "{12B92E6C-FB24-4ACD-8450-40A5152C2642}"
EndProject
Project("{2150E333-8FDC-42A3-9474-1A3956D46DE8}") = "study", "study", "{1A0A400D-72DF-4755-8D3C-57F1DE1628BD}"
EndProject
Project("{2150E333-8FDC-42A3-9474-1A3956D46DE8}") = "Check", "Check", "{A329740E-CB52-4E14-8302-5671BBE3BDFC}"
EndProject
Project("{FAE04EC0-301F-11D3-BF4B-00C04F79EFBC}") = "005_Check", "005_Check\005_Check.csproj", "{8DABCDC8-C506-451B-894D-D8814F8A9313}"
EndProject
Project("{FAE04EC0-301F-11D3-BF4B-00C04F79EFBC}") = "006_Variable", "006_Variable\006_Variable.csproj", "{E453DEF4-92F9-4124-A163-AFC701ECC1FC}"
EndProject
Project("{FAE04EC0-301F-11D3-BF4B-00C04F79EFBC}") = "007_Variable", "007_Variable\007_Variable.csproj", "{DA03E06D-9F73-4123-ABE2-883CA1EB845C}"
EndProject
Project("{FAE04EC0-301F-11D3-BF4B-00C04F79EFBC}") = "008_Data1", "008_Data1\008_Data1.csproj", "{6543528D-99B6-4DE9-B2AE-C1740D4496EC}"
EndProject
Project("{FAE04EC0-301F-11D3-BF4B-00C04F79EFBC}") = "009_Data2(정수형 Min,MaxValue)", "009_Data1\009_Data2(정수형 Min,MaxValue).csproj", "{4229E536-3E00-47B2-ADA9-1A7145234CA5}"
EndProject
Project("{FAE04EC0-301F-11D3-BF4B-00C04F79EFBC}") = "010_Data3(강제형변환)", "010_Data3\010_Data3(강제형변환).csproj", "{2433D2F6-BDCA-4D29-BB25-383D8F09945B}"
EndProject
Project("{FAE04EC0-301F-11D3-BF4B-00C04F79EFBC}") = "011_Data4(2진수 16진수)", "011_Data4\011_Data4(2진수 16진수).csproj", "{972B3042-9761-4E76-8C4D-595816D10948}"
EndProject
Project("{FAE04EC0-301F-11D3-BF4B-00C04F79EFBC}") = "012_Data5(실수형 Min,MaxValue)", "012_Data5\012_Data5(실수형 Min,MaxValue).csproj", "{563408F2-5C6D-43CA-8007-5125B845B5B8}"
EndProject
Project("{FAE04EC0-301F-11D3-BF4B-00C04F79EFBC}") = "013_Data6(실수형 데이터)", "ConsoleApp1\013_Data6(실수형 데이터).csproj", "{DC925843-A5D0-4D94-8617-0AF933558828}"
EndProject
Project("{FAE04EC0-301F-11D3-BF4B-00C04F79EFBC}") = "014_Data7(char,string)", "014_Data7\014_Data7(char,string).csproj", "{7E0B50CE-195E-40B0-B508-D7C30A446BAC}"
EndProject
Project("{FAE04EC0-301F-11D3-BF4B-00C04F79EFBC}") = "015_Data8(아스키코드)", "015_Data8\015_Data8(아스키코드).csproj", "{B6A26AD5-EE35-4B91-B76F-4F6087561241}"
EndProject
Project("{FAE04EC0-301F-11D3-BF4B-00C04F79EFBC}") = "016_String", "016_String\016_String.csproj", "{00B6E567-33AA-438F-992A-C47F23145C2A}"
EndProject
Project("{FAE04EC0-301F-11D3-BF4B-00C04F79EFBC}") = "017_Data_bool", "017_Data_bool\017_Data_bool.csproj", "{38F45AE2-BB07-4A2C-A846-29A5C265907B}"
EndProject
Project("{FAE04EC0-301F-11D3-BF4B-00C04F79EFBC}") = "018_Data_Object", "018_Data_Object\018_Data_Object.csproj", "{8301A994-C854-435D-A7F9-79C6E2D18A55}"
EndProject
Project("{FAE04EC0-301F-11D3-BF4B-00C04F79EFBC}") = "019_Data_enum", "019_Data_enum\019_Data_enum.csproj", "{A3DB464D-2C11-455A-AFB2-FFBA4446EF99}"
EndProject
Project("{FAE04EC0-301F-11D3-BF4B-00C04F79EFBC}") = "020_Data_enum2", "020_Data_enum2\020_Data_enum2.csproj", "{540A4349-9BC5-4F67-85C9-D9BC67D0C37B}"
EndProject
Project("{FAE04EC0-301F-11D3-BF4B-00C04F79EFBC}") = "021_Data_nullable", "021_Data_nullable\021_Data_nullable.csproj", "{EA3E7838-30DC-4E2D-8ECB-A17DB0DBF689}"
EndProject
Project("{FAE04EC0-301F-11D3-BF4B-00C04F79EFBC}") = "022_Data_var", "022_Data_var\022_Data_var.csproj", "{9F874F81-A33B-4505-BA20-AB5C58B48786}"
EndProject
Project("{FAE04EC0-301F-11D3-BF4B-00C04F79EFBC}") = "023_Data_const", "023_Data_const\023_Data_const.csproj", "{5A4A1BA3-F6A9-484D-BE20-417EB6FA2AD2}"
EndProject
Project("{FAE04EC0-301F-11D3-BF4B-00C04F79EFBC}") = "024_Data_cast", "024_Data_cast\024_Data_cast.csproj", "{EA3A93E1-E975-468C-9453-47838A9B3E19}"
EndProject
Project("{FAE04EC0-301F-11D3-BF4B-00C04F79EFBC}") = "025_Data_ToString", "025_Data_ToString\025_Data_ToString.csproj", "{495B4424-15C2-4F1D-8E24-5A424268E3FD}"
EndProject
Project("{FAE04EC0-301F-11D3-BF4B-00C04F79EFBC}") = "026_Data_Parse", "026_Data_Parse\026_Data_Parse.csproj", "{23324E52-1E6A-4B51-907B-1430761C79DB}"
EndProject
Project("{FAE04EC0-301F-11D3-BF4B-00C04F79EFBC}") = "027_Data_Convert", "027_Data_Convert\027_Data_Convert.csproj", "{6AC45701-0739-42C1-84E3-1CB260AD3322}"
EndProject
Project("{FAE04EC0-301F-11D3-BF4B-00C04F79EFBC}") = "028_Data_Reference", "028_Data_reference\028_Data_Reference.csproj", "{30B1BDD7-9AB7-4CCF-801B-E3851F385E40}"
EndProject
Project("{FAE04EC0-301F-11D3-BF4B-00C04F79EFBC}") = "029_Data_boxing", "029_Data_boxing\029_Data_boxing.csproj", "{83120F57-6A59-4CD2-89CD-C4D53C056F84}"
EndProject
Project("{FAE04EC0-301F-11D3-BF4B-00C04F79EFBC}") = "030_ReadLine", "030_ReadLine\030_ReadLine.csproj", "{E4F7FE12-DE38-4679-B366-05243DDE6B1C}"
EndProject
Project("{FAE04EC0-301F-11D3-BF4B-00C04F79EFBC}") = "031_ReadLine2", "031_ReadLine2\031_ReadLine2.csproj", "{771B05CF-767E-4037-956D-26EC3770FE7D}"
EndProject
Project("{FAE04EC0-301F-11D3-BF4B-00C04F79EFBC}") = "032_Check", "032_Check\032_Check.csproj", "{93CFCA7E-3AF4-42F8-92E0-4FEE5AD38E34}"
EndProject
Project("{FAE04EC0-301F-11D3-BF4B-00C04F79EFBC}") = "033_Check", "033_Check\033_Check.csproj", "{F09F3054-6092-4C7E-BAFF-9599A8B6FCAB}"
EndProject
Global
	GlobalSection(SolutionConfigurationPlatforms) = preSolution
		Debug|Any CPU = Debug|Any CPU
		Release|Any CPU = Release|Any CPU
	EndGlobalSection
	GlobalSection(ProjectConfigurationPlatforms) = postSolution
		{3BB46F94-021F-4952-B9CD-A78BB93B5B6C}.Debug|Any CPU.ActiveCfg = Debug|Any CPU
		{3BB46F94-021F-4952-B9CD-A78BB93B5B6C}.Debug|Any CPU.Build.0 = Debug|Any CPU
		{3BB46F94-021F-4952-B9CD-A78BB93B5B6C}.Release|Any CPU.ActiveCfg = Release|Any CPU
		{3BB46F94-021F-4952-B9CD-A78BB93B5B6C}.Release|Any CPU.Build.0 = Release|Any CPU
		{56DC206C-CF7A-48BD-8276-EFA6603E7136}.Debug|Any CPU.ActiveCfg = Debug|Any CPU
		{56DC206C-CF7A-48BD-8276-EFA6603E7136}.Debug|Any CPU.Build.0 = Debug|Any CPU
		{56DC206C-CF7A-48BD-8276-EFA6603E7136}.Release|Any CPU.ActiveCfg = Release|Any CPU
		{56DC206C-CF7A-48BD-8276-EFA6603E7136}.Release|Any CPU.Build.0 = Release|Any CPU
		{A7614763-109C-4863-88A0-6998AA3A7B87}.Debug|Any CPU.ActiveCfg = Debug|Any CPU
		{A7614763-109C-4863-88A0-6998AA3A7B87}.Debug|Any CPU.Build.0 = Debug|Any CPU
		{A7614763-109C-4863-88A0-6998AA3A7B87}.Release|Any CPU.ActiveCfg = Release|Any CPU
		{A7614763-109C-4863-88A0-6998AA3A7B87}.Release|Any CPU.Build.0 = Release|Any CPU
		{12B92E6C-FB24-4ACD-8450-40A5152C2642}.Debug|Any CPU.ActiveCfg = Debug|Any CPU
		{12B92E6C-FB24-4ACD-8450-40A5152C2642}.Debug|Any CPU.Build.0 = Debug|Any CPU
		{12B92E6C-FB24-4ACD-8450-40A5152C2642}.Release|Any CPU.ActiveCfg = Release|Any CPU
		{12B92E6C-FB24-4ACD-8450-40A5152C2642}.Release|Any CPU.Build.0 = Release|Any CPU
		{8DABCDC8-C506-451B-894D-D8814F8A9313}.Debug|Any CPU.ActiveCfg = Debug|Any CPU
		{8DABCDC8-C506-451B-894D-D8814F8A9313}.Debug|Any CPU.Build.0 = Debug|Any CPU
		{8DABCDC8-C506-451B-894D-D8814F8A9313}.Release|Any CPU.ActiveCfg = Release|Any CPU
		{8DABCDC8-C506-451B-894D-D8814F8A9313}.Release|Any CPU.Build.0 = Release|Any CPU
		{E453DEF4-92F9-4124-A163-AFC701ECC1FC}.Debug|Any CPU.ActiveCfg = Debug|Any CPU
		{E453DEF4-92F9-4124-A163-AFC701ECC1FC}.Debug|Any CPU.Build.0 = Debug|Any CPU
		{E453DEF4-92F9-4124-A163-AFC701ECC1FC}.Release|Any CPU.ActiveCfg = Release|Any CPU
		{E453DEF4-92F9-4124-A163-AFC701ECC1FC}.Release|Any CPU.Build.0 = Release|Any CPU
		{DA03E06D-9F73-4123-ABE2-883CA1EB845C}.Debug|Any CPU.ActiveCfg = Debug|Any CPU
		{DA03E06D-9F73-4123-ABE2-883CA1EB845C}.Debug|Any CPU.Build.0 = Debug|Any CPU
		{DA03E06D-9F73-4123-ABE2-883CA1EB845C}.Release|Any CPU.ActiveCfg = Release|Any CPU
		{DA03E06D-9F73-4123-ABE2-883CA1EB845C}.Release|Any CPU.Build.0 = Release|Any CPU
		{6543528D-99B6-4DE9-B2AE-C1740D4496EC}.Debug|Any CPU.ActiveCfg = Debug|Any CPU
		{6543528D-99B6-4DE9-B2AE-C1740D4496EC}.Debug|Any CPU.Build.0 = Debug|Any CPU
		{6543528D-99B6-4DE9-B2AE-C1740D4496EC}.Release|Any CPU.ActiveCfg = Release|Any CPU
		{6543528D-99B6-4DE9-B2AE-C1740D4496EC}.Release|Any CPU.Build.0 = Release|Any CPU
		{4229E536-3E00-47B2-ADA9-1A7145234CA5}.Debug|Any CPU.ActiveCfg = Debug|Any CPU
		{4229E536-3E00-47B2-ADA9-1A7145234CA5}.Debug|Any CPU.Build.0 = Debug|Any CPU
		{4229E536-3E00-47B2-ADA9-1A7145234CA5}.Release|Any CPU.ActiveCfg = Release|Any CPU
		{4229E536-3E00-47B2-ADA9-1A7145234CA5}.Release|Any CPU.Build.0 = Release|Any CPU
		{2433D2F6-BDCA-4D29-BB25-383D8F09945B}.Debug|Any CPU.ActiveCfg = Debug|Any CPU
		{2433D2F6-BDCA-4D29-BB25-383D8F09945B}.Debug|Any CPU.Build.0 = Debug|Any CPU
		{2433D2F6-BDCA-4D29-BB25-383D8F09945B}.Release|Any CPU.ActiveCfg = Release|Any CPU
		{2433D2F6-BDCA-4D29-BB25-383D8F09945B}.Release|Any CPU.Build.0 = Release|Any CPU
		{972B3042-9761-4E76-8C4D-595816D10948}.Debug|Any CPU.ActiveCfg = Debug|Any CPU
		{972B3042-9761-4E76-8C4D-595816D10948}.Debug|Any CPU.Build.0 = Debug|Any CPU
		{972B3042-9761-4E76-8C4D-595816D10948}.Release|Any CPU.ActiveCfg = Release|Any CPU
		{972B3042-9761-4E76-8C4D-595816D10948}.Release|Any CPU.Build.0 = Release|Any CPU
		{563408F2-5C6D-43CA-8007-5125B845B5B8}.Debug|Any CPU.ActiveCfg = Debug|Any CPU
		{563408F2-5C6D-43CA-8007-5125B845B5B8}.Debug|Any CPU.Build.0 = Debug|Any CPU
		{563408F2-5C6D-43CA-8007-5125B845B5B8}.Release|Any CPU.ActiveCfg = Release|Any CPU
		{563408F2-5C6D-43CA-8007-5125B845B5B8}.Release|Any CPU.Build.0 = Release|Any CPU
		{DC925843-A5D0-4D94-8617-0AF933558828}.Debug|Any CPU.ActiveCfg = Debug|Any CPU
		{DC925843-A5D0-4D94-8617-0AF933558828}.Debug|Any CPU.Build.0 = Debug|Any CPU
		{DC925843-A5D0-4D94-8617-0AF933558828}.Release|Any CPU.ActiveCfg = Release|Any CPU
		{DC925843-A5D0-4D94-8617-0AF933558828}.Release|Any CPU.Build.0 = Release|Any CPU
		{7E0B50CE-195E-40B0-B508-D7C30A446BAC}.Debug|Any CPU.ActiveCfg = Debug|Any CPU
		{7E0B50CE-195E-40B0-B508-D7C30A446BAC}.Debug|Any CPU.Build.0 = Debug|Any CPU
		{7E0B50CE-195E-40B0-B508-D7C30A446BAC}.Release|Any CPU.ActiveCfg = Release|Any CPU
		{7E0B50CE-195E-40B0-B508-D7C30A446BAC}.Release|Any CPU.Build.0 = Release|Any CPU
		{B6A26AD5-EE35-4B91-B76F-4F6087561241}.Debug|Any CPU.ActiveCfg = Debug|Any CPU
		{B6A26AD5-EE35-4B91-B76F-4F6087561241}.Debug|Any CPU.Build.0 = Debug|Any CPU
		{B6A26AD5-EE35-4B91-B76F-4F6087561241}.Release|Any CPU.ActiveCfg = Release|Any CPU
		{B6A26AD5-EE35-4B91-B76F-4F6087561241}.Release|Any CPU.Build.0 = Release|Any CPU
		{00B6E567-33AA-438F-992A-C47F23145C2A}.Debug|Any CPU.ActiveCfg = Debug|Any CPU
		{00B6E567-33AA-438F-992A-C47F23145C2A}.Debug|Any CPU.Build.0 = Debug|Any CPU
		{00B6E567-33AA-438F-992A-C47F23145C2A}.Release|Any CPU.ActiveCfg = Release|Any CPU
		{00B6E567-33AA-438F-992A-C47F23145C2A}.Release|Any CPU.Build.0 = Release|Any CPU
		{38F45AE2-BB07-4A2C-A846-29A5C265907B}.Debug|Any CPU.ActiveCfg = Debug|Any CPU
		{38F45AE2-BB07-4A2C-A846-29A5C265907B}.Debug|Any CPU.Build.0 = Debug|Any CPU
		{38F45AE2-BB07-4A2C-A846-29A5C265907B}.Release|Any CPU.ActiveCfg = Release|Any CPU
		{38F45AE2-BB07-4A2C-A846-29A5C265907B}.Release|Any CPU.Build.0 = Release|Any CPU
		{8301A994-C854-435D-A7F9-79C6E2D18A55}.Debug|Any CPU.ActiveCfg = Debug|Any CPU
		{8301A994-C854-435D-A7F9-79C6E2D18A55}.Debug|Any CPU.Build.0 = Debug|Any CPU
		{8301A994-C854-435D-A7F9-79C6E2D18A55}.Release|Any CPU.ActiveCfg = Release|Any CPU
		{8301A994-C854-435D-A7F9-79C6E2D18A55}.Release|Any CPU.Build.0 = Release|Any CPU
		{A3DB464D-2C11-455A-AFB2-FFBA4446EF99}.Debug|Any CPU.ActiveCfg = Debug|Any CPU
		{A3DB464D-2C11-455A-AFB2-FFBA4446EF99}.Debug|Any CPU.Build.0 = Debug|Any CPU
		{A3DB464D-2C11-455A-AFB2-FFBA4446EF99}.Release|Any CPU.ActiveCfg = Release|Any CPU
		{A3DB464D-2C11-455A-AFB2-FFBA4446EF99}.Release|Any CPU.Build.0 = Release|Any CPU
		{540A4349-9BC5-4F67-85C9-D9BC67D0C37B}.Debug|Any CPU.ActiveCfg = Debug|Any CPU
		{540A4349-9BC5-4F67-85C9-D9BC67D0C37B}.Debug|Any CPU.Build.0 = Debug|Any CPU
		{540A4349-9BC5-4F67-85C9-D9BC67D0C37B}.Release|Any CPU.ActiveCfg = Release|Any CPU
		{540A4349-9BC5-4F67-85C9-D9BC67D0C37B}.Release|Any CPU.Build.0 = Release|Any CPU
		{EA3E7838-30DC-4E2D-8ECB-A17DB0DBF689}.Debug|Any CPU.ActiveCfg = Debug|Any CPU
		{EA3E7838-30DC-4E2D-8ECB-A17DB0DBF689}.Debug|Any CPU.Build.0 = Debug|Any CPU
		{EA3E7838-30DC-4E2D-8ECB-A17DB0DBF689}.Release|Any CPU.ActiveCfg = Release|Any CPU
		{EA3E7838-30DC-4E2D-8ECB-A17DB0DBF689}.Release|Any CPU.Build.0 = Release|Any CPU
		{9F874F81-A33B-4505-BA20-AB5C58B48786}.Debug|Any CPU.ActiveCfg = Debug|Any CPU
		{9F874F81-A33B-4505-BA20-AB5C58B48786}.Debug|Any CPU.Build.0 = Debug|Any CPU
		{9F874F81-A33B-4505-BA20-AB5C58B48786}.Release|Any CPU.ActiveCfg = Release|Any CPU
		{9F874F81-A33B-4505-BA20-AB5C58B48786}.Release|Any CPU.Build.0 = Release|Any CPU
		{5A4A1BA3-F6A9-484D-BE20-417EB6FA2AD2}.Debug|Any CPU.ActiveCfg = Debug|Any CPU
		{5A4A1BA3-F6A9-484D-BE20-417EB6FA2AD2}.Debug|Any CPU.Build.0 = Debug|Any CPU
		{5A4A1BA3-F6A9-484D-BE20-417EB6FA2AD2}.Release|Any CPU.ActiveCfg = Release|Any CPU
		{5A4A1BA3-F6A9-484D-BE20-417EB6FA2AD2}.Release|Any CPU.Build.0 = Release|Any CPU
		{EA3A93E1-E975-468C-9453-47838A9B3E19}.Debug|Any CPU.ActiveCfg = Debug|Any CPU
		{EA3A93E1-E975-468C-9453-47838A9B3E19}.Debug|Any CPU.Build.0 = Debug|Any CPU
		{EA3A93E1-E975-468C-9453-47838A9B3E19}.Release|Any CPU.ActiveCfg = Release|Any CPU
		{EA3A93E1-E975-468C-9453-47838A9B3E19}.Release|Any CPU.Build.0 = Release|Any CPU
		{495B4424-15C2-4F1D-8E24-5A424268E3FD}.Debug|Any CPU.ActiveCfg = Debug|Any CPU
		{495B4424-15C2-4F1D-8E24-5A424268E3FD}.Debug|Any CPU.Build.0 = Debug|Any CPU
		{495B4424-15C2-4F1D-8E24-5A424268E3FD}.Release|Any CPU.ActiveCfg = Release|Any CPU
		{495B4424-15C2-4F1D-8E24-5A424268E3FD}.Release|Any CPU.Build.0 = Release|Any CPU
		{23324E52-1E6A-4B51-907B-1430761C79DB}.Debug|Any CPU.ActiveCfg = Debug|Any CPU
		{23324E52-1E6A-4B51-907B-1430761C79DB}.Debug|Any CPU.Build.0 = Debug|Any CPU
		{23324E52-1E6A-4B51-907B-1430761C79DB}.Release|Any CPU.ActiveCfg = Release|Any CPU
		{23324E52-1E6A-4B51-907B-1430761C79DB}.Release|Any CPU.Build.0 = Release|Any CPU
		{6AC45701-0739-42C1-84E3-1CB260AD3322}.Debug|Any CPU.ActiveCfg = Debug|Any CPU
		{6AC45701-0739-42C1-84E3-1CB260AD3322}.Debug|Any CPU.Build.0 = Debug|Any CPU
		{6AC45701-0739-42C1-84E3-1CB260AD3322}.Release|Any CPU.ActiveCfg = Release|Any CPU
		{6AC45701-0739-42C1-84E3-1CB260AD3322}.Release|Any CPU.Build.0 = Release|Any CPU
		{30B1BDD7-9AB7-4CCF-801B-E3851F385E40}.Debug|Any CPU.ActiveCfg = Debug|Any CPU
		{30B1BDD7-9AB7-4CCF-801B-E3851F385E40}.Debug|Any CPU.Build.0 = Debug|Any CPU
		{30B1BDD7-9AB7-4CCF-801B-E3851F385E40}.Release|Any CPU.ActiveCfg = Release|Any CPU
		{30B1BDD7-9AB7-4CCF-801B-E3851F385E40}.Release|Any CPU.Build.0 = Release|Any CPU
		{83120F57-6A59-4CD2-89CD-C4D53C056F84}.Debug|Any CPU.ActiveCfg = Debug|Any CPU
		{83120F57-6A59-4CD2-89CD-C4D53C056F84}.Debug|Any CPU.Build.0 = Debug|Any CPU
		{83120F57-6A59-4CD2-89CD-C4D53C056F84}.Release|Any CPU.ActiveCfg = Release|Any CPU
		{83120F57-6A59-4CD2-89CD-C4D53C056F84}.Release|Any CPU.Build.0 = Release|Any CPU
		{E4F7FE12-DE38-4679-B366-05243DDE6B1C}.Debug|Any CPU.ActiveCfg = Debug|Any CPU
		{E4F7FE12-DE38-4679-B366-05243DDE6B1C}.Debug|Any CPU.Build.0 = Debug|Any CPU
		{E4F7FE12-DE38-4679-B366-05243DDE6B1C}.Release|Any CPU.ActiveCfg = Release|Any CPU
		{E4F7FE12-DE38-4679-B366-05243DDE6B1C}.Release|Any CPU.Build.0 = Release|Any CPU
		{771B05CF-767E-4037-956D-26EC3770FE7D}.Debug|Any CPU.ActiveCfg = Debug|Any CPU
		{771B05CF-767E-4037-956D-26EC3770FE7D}.Debug|Any CPU.Build.0 = Debug|Any CPU
		{771B05CF-767E-4037-956D-26EC3770FE7D}.Release|Any CPU.ActiveCfg = Release|Any CPU
		{771B05CF-767E-4037-956D-26EC3770FE7D}.Release|Any CPU.Build.0 = Release|Any CPU
		{93CFCA7E-3AF4-42F8-92E0-4FEE5AD38E34}.Debug|Any CPU.ActiveCfg = Debug|Any CPU
		{93CFCA7E-3AF4-42F8-92E0-4FEE5AD38E34}.Debug|Any CPU.Build.0 = Debug|Any CPU
		{93CFCA7E-3AF4-42F8-92E0-4FEE5AD38E34}.Release|Any CPU.ActiveCfg = Release|Any CPU
		{93CFCA7E-3AF4-42F8-92E0-4FEE5AD38E34}.Release|Any CPU.Build.0 = Release|Any CPU
		{F09F3054-6092-4C7E-BAFF-9599A8B6FCAB}.Debug|Any CPU.ActiveCfg = Debug|Any CPU
		{F09F3054-6092-4C7E-BAFF-9599A8B6FCAB}.Debug|Any CPU.Build.0 = Debug|Any CPU
		{F09F3054-6092-4C7E-BAFF-9599A8B6FCAB}.Release|Any CPU.ActiveCfg = Release|Any CPU
		{F09F3054-6092-4C7E-BAFF-9599A8B6FCAB}.Release|Any CPU.Build.0 = Release|Any CPU
	EndGlobalSection
	GlobalSection(SolutionProperties) = preSolution
		HideSolutionNode = FALSE
	EndGlobalSection
	GlobalSection(NestedProjects) = preSolution
		{3BB46F94-021F-4952-B9CD-A78BB93B5B6C} = {1A0A400D-72DF-4755-8D3C-57F1DE1628BD}
		{56DC206C-CF7A-48BD-8276-EFA6603E7136} = {1A0A400D-72DF-4755-8D3C-57F1DE1628BD}
		{A7614763-109C-4863-88A0-6998AA3A7B87} = {1A0A400D-72DF-4755-8D3C-57F1DE1628BD}
		{12B92E6C-FB24-4ACD-8450-40A5152C2642} = {A329740E-CB52-4E14-8302-5671BBE3BDFC}
		{8DABCDC8-C506-451B-894D-D8814F8A9313} = {A329740E-CB52-4E14-8302-5671BBE3BDFC}
		{E453DEF4-92F9-4124-A163-AFC701ECC1FC} = {1A0A400D-72DF-4755-8D3C-57F1DE1628BD}
		{DA03E06D-9F73-4123-ABE2-883CA1EB845C} = {1A0A400D-72DF-4755-8D3C-57F1DE1628BD}
		{6543528D-99B6-4DE9-B2AE-C1740D4496EC} = {1A0A400D-72DF-4755-8D3C-57F1DE1628BD}
		{4229E536-3E00-47B2-ADA9-1A7145234CA5} = {1A0A400D-72DF-4755-8D3C-57F1DE1628BD}
		{2433D2F6-BDCA-4D29-BB25-383D8F09945B} = {1A0A400D-72DF-4755-8D3C-57F1DE1628BD}
		{972B3042-9761-4E76-8C4D-595816D10948} = {1A0A400D-72DF-4755-8D3C-57F1DE1628BD}
		{563408F2-5C6D-43CA-8007-5125B845B5B8} = {1A0A400D-72DF-4755-8D3C-57F1DE1628BD}
		{DC925843-A5D0-4D94-8617-0AF933558828} = {1A0A400D-72DF-4755-8D3C-57F1DE1628BD}
		{7E0B50CE-195E-40B0-B508-D7C30A446BAC} = {1A0A400D-72DF-4755-8D3C-57F1DE1628BD}
		{B6A26AD5-EE35-4B91-B76F-4F6087561241} = {1A0A400D-72DF-4755-8D3C-57F1DE1628BD}
		{00B6E567-33AA-438F-992A-C47F23145C2A} = {1A0A400D-72DF-4755-8D3C-57F1DE1628BD}
		{38F45AE2-BB07-4A2C-A846-29A5C265907B} = {1A0A400D-72DF-4755-8D3C-57F1DE1628BD}
		{8301A994-C854-435D-A7F9-79C6E2D18A55} = {1A0A400D-72DF-4755-8D3C-57F1DE1628BD}
		{A3DB464D-2C11-455A-AFB2-FFBA4446EF99} = {1A0A400D-72DF-4755-8D3C-57F1DE1628BD}
		{540A4349-9BC5-4F67-85C9-D9BC67D0C37B} = {1A0A400D-72DF-4755-8D3C-57F1DE1628BD}
		{EA3E7838-30DC-4E2D-8ECB-A17DB0DBF689} = {1A0A400D-72DF-4755-8D3C-57F1DE1628BD}
		{9F874F81-A33B-4505-BA20-AB5C58B48786} = {1A0A400D-72DF-4755-8D3C-57F1DE1628BD}
		{5A4A1BA3-F6A9-484D-BE20-417EB6FA2AD2} = {1A0A400D-72DF-4755-8D3C-57F1DE1628BD}
		{EA3A93E1-E975-468C-9453-47838A9B3E19} = {1A0A400D-72DF-4755-8D3C-57F1DE1628BD}
		{495B4424-15C2-4F1D-8E24-5A424268E3FD} = {1A0A400D-72DF-4755-8D3C-57F1DE1628BD}
		{23324E52-1E6A-4B51-907B-1430761C79DB} = {1A0A400D-72DF-4755-8D3C-57F1DE1628BD}
		{6AC45701-0739-42C1-84E3-1CB260AD3322} = {1A0A400D-72DF-4755-8D3C-57F1DE1628BD}
		{30B1BDD7-9AB7-4CCF-801B-E3851F385E40} = {1A0A400D-72DF-4755-8D3C-57F1DE1628BD}
		{83120F57-6A59-4CD2-89CD-C4D53C056F84} = {1A0A400D-72DF-4755-8D3C-57F1DE1628BD}
		{E4F7FE12-DE38-4679-B366-05243DDE6B1C} = {1A0A400D-72DF-4755-8D3C-57F1DE1628BD}
		{771B05CF-767E-4037-956D-26EC3770FE7D} = {1A0A400D-72DF-4755-8D3C-57F1DE1628BD}
		{93CFCA7E-3AF4-42F8-92E0-4FEE5AD38E34} = {A329740E-CB52-4E14-8302-5671BBE3BDFC}
		{F09F3054-6092-4C7E-BAFF-9599A8B6FCAB} = {A329740E-CB52-4E14-8302-5671BBE3BDFC}
	EndGlobalSection
	GlobalSection(ExtensibilityGlobals) = postSolution
		SolutionGuid = {3D20E7ED-5870-41FC-B7D9-11D6C9CA57C3}
	EndGlobalSection
EndGlobal
